PODS:
  - Bond (7.6.6):
    - Differ (~> 1.4)
    - ReactiveKit (~> 3.14)
  - Differ (1.4.5)
  - ReactiveKit (3.17.4)
  - RxCocoa (5.1.1):
    - RxRelay (~> 5)
    - RxSwift (~> 5)
  - RxRelay (5.1.1):
    - RxSwift (~> 5)
  - RxSwift (5.1.1)

DEPENDENCIES:
  - Bond
  - RxCocoa
  - RxSwift

SPEC REPOS:
  trunk:
    - Bond
    - Differ
    - ReactiveKit
    - RxCocoa
    - RxRelay
    - RxSwift

SPEC CHECKSUMS:
  Bond: 9e7d901cf4ed825b6004a93dd0a7f1c7479e2834
  Differ: 3b6bd78e2b20cc795d9a86f7641d087524e4273e
  ReactiveKit: f9f9e079efa39312c597bf1508ef4810d111ce76
  RxCocoa: 32065309a38d29b5b0db858819b5bf9ef038b601
  RxRelay: d77f7d771495f43c556cbc43eebd1bb54d01e8e9
  RxSwift: 81470a2074fa8780320ea5fe4102807cb7118178

PODFILE CHECKSUM: 5754e62ed37c9b8e433a30b11b7ef10788ea3b30

COCOAPODS: 1.9.3
