// !$*UTF8*$!
{
	archiveVersion = 1;
	classes = {
	};
	objectVersion = 51;
	objects = {

/* Begin PBXBuildFile section */
		E1313D00696A9D0DB41FB52E /* Pods_lesson_15.framework in Frameworks */ = {isa = PBXBuildFile; fileRef = B1746DE190E8D2C30CFF9256 /* Pods_lesson_15.framework */; };
		FA87E631251CCD7A003D871F /* AppDelegate.swift in Sources */ = {isa = PBXBuildFile; fileRef = FA87E630251CCD7A003D871F /* AppDelegate.swift */; };
		FA87E633251CCD7A003D871F /* SceneDelegate.swift in Sources */ = {isa = PBXBuildFile; fileRef = FA87E632251CCD7A003D871F /* SceneDelegate.swift */; };
		FA87E635251CCD7A003D871F /* ViewController.swift in Sources */ = {isa = PBXBuildFile; fileRef = FA87E634251CCD7A003D871F /* ViewController.swift */; };
		FA87E638251CCD7A003D871F /* Main.storyboard in Resources */ = {isa = PBXBuildFile; fileRef = FA87E636251CCD7A003D871F /* Main.storyboard */; };
		FA87E63A251CCD7C003D871F /* Assets.xcassets in Resources */ = {isa = PBXBuildFile; fileRef = FA87E639251CCD7C003D871F /* Assets.xcassets */; };
		FA87E63D251CCD7C003D871F /* LaunchScreen.storyboard in Resources */ = {isa = PBXBuildFile; fileRef = FA87E63B251CCD7C003D871F /* LaunchScreen.storyboard */; };
		FAF9FA51251CDF8F007F519F /* 1.mov in Resources */ = {isa = PBXBuildFile; fileRef = FAF9FA50251CDF8F007F519F /* 1.mov */; };
/* End PBXBuildFile section */

/* Begin PBXFileReference section */
		7A2DFD83E0254782B078C42A /* Pods-lesson_15.release.xcconfig */ = {isa = PBXFileReference; includeInIndex = 1; lastKnownFileType = text.xcconfig; name = "Pods-lesson_15.release.xcconfig"; path = "Target Support Files/Pods-lesson_15/Pods-lesson_15.release.xcconfig"; sourceTree = "<group>"; };
		B1746DE190E8D2C30CFF9256 /* Pods_lesson_15.framework */ = {isa = PBXFileReference; explicitFileType = wrapper.framework; includeInIndex = 0; path = Pods_lesson_15.framework; sourceTree = BUILT_PRODUCTS_DIR; };
		C0B62DAEDF59029A0E986267 /* Pods-lesson_15.debug.xcconfig */ = {isa = PBXFileReference; includeInIndex = 1; lastKnownFileType = text.xcconfig; name = "Pods-lesson_15.debug.xcconfig"; path = "Target Support Files/Pods-lesson_15/Pods-lesson_15.debug.xcconfig"; sourceTree = "<group>"; };
		FA87E62D251CCD7A003D871F /* lesson_15.app */ = {isa = PBXFileReference; explicitFileType = wrapper.application; includeInIndex = 0; path = lesson_15.app; sourceTree = BUILT_PRODUCTS_DIR; };
		FA87E630251CCD7A003D871F /* AppDelegate.swift */ = {isa = PBXFileReference; lastKnownFileType = sourcecode.swift; path = AppDelegate.swift; sourceTree = "<group>"; };
		FA87E632251CCD7A003D871F /* SceneDelegate.swift */ = {isa = PBXFileReference; lastKnownFileType = sourcecode.swift; path = SceneDelegate.swift; sourceTree = "<group>"; };
		FA87E634251CCD7A003D871F /* ViewController.swift */ = {isa = PBXFileReference; lastKnownFileType = sourcecode.swift; path = ViewController.swift; sourceTree = "<group>"; };
		FA87E637251CCD7A003D871F /* Base */ = {isa = PBXFileReference; lastKnownFileType = file.storyboard; name = Base; path = Base.lproj/Main.storyboard; sourceTree = "<group>"; };
		FA87E639251CCD7C003D871F /* Assets.xcassets */ = {isa = PBXFileReference; lastKnownFileType = folder.assetcatalog; path = Assets.xcassets; sourceTree = "<group>"; };
		FA87E63C251CCD7C003D871F /* Base */ = {isa = PBXFileReference; lastKnownFileType = file.storyboard; name = Base; path = Base.lproj/LaunchScreen.storyboard; sourceTree = "<group>"; };
		FA87E63E251CCD7C003D871F /* Info.plist */ = {isa = PBXFileReference; lastKnownFileType = text.plist.xml; path = Info.plist; sourceTree = "<group>"; };
		FAF9FA50251CDF8F007F519F /* 1.mov */ = {isa = PBXFileReference; lastKnownFileType = video.quicktime; path = 1.mov; sourceTree = "<group>"; };
/* End PBXFileReference section */

/* Begin PBXFrameworksBuildPhase section */
		FA87E62A251CCD7A003D871F /* Frameworks */ = {
			isa = PBXFrameworksBuildPhase;
			buildActionMask = 2147483647;
			files = (
				E1313D00696A9D0DB41FB52E /* Pods_lesson_15.framework in Frameworks */,
			);
			runOnlyForDeploymentPostprocessing = 0;
		};
/* End PBXFrameworksBuildPhase section */

/* Begin PBXGroup section */
		333823B0F67763AE6293E300 /* Pods */ = {
			isa = PBXGroup;
			children = (
				C0B62DAEDF59029A0E986267 /* Pods-lesson_15.debug.xcconfig */,
				7A2DFD83E0254782B078C42A /* Pods-lesson_15.release.xcconfig */,
			);
			path = Pods;
			sourceTree = "<group>";
		};
		65A45FA4584FA360F563989F /* Frameworks */ = {
			isa = PBXGroup;
			children = (
				B1746DE190E8D2C30CFF9256 /* Pods_lesson_15.framework */,
			);
			name = Frameworks;
			sourceTree = "<group>";
		};
		FA87E624251CCD7A003D871F = {
			isa = PBXGroup;
			children = (
				FA87E62F251CCD7A003D871F /* lesson_15 */,
				FA87E62E251CCD7A003D871F /* Products */,
				333823B0F67763AE6293E300 /* Pods */,
				65A45FA4584FA360F563989F /* Frameworks */,
			);
			sourceTree = "<group>";
		};
		FA87E62E251CCD7A003D871F /* Products */ = {
			isa = PBXGroup;
			children = (
				FA87E62D251CCD7A003D871F /* lesson_15.app */,
			);
			name = Products;
			sourceTree = "<group>";
		};
		FA87E62F251CCD7A003D871F /* lesson_15 */ = {
			isa = PBXGroup;
			children = (
				FAF9FA50251CDF8F007F519F /* 1.mov */,
				FA87E647251CCD8D003D871F /* Views */,
				FA87E646251CCD8A003D871F /* Controllers */,
				FA87E645251CCD86003D871F /* Delegates */,
				FA87E639251CCD7C003D871F /* Assets.xcassets */,
				FA87E63E251CCD7C003D871F /* Info.plist */,
			);
			path = lesson_15;
			sourceTree = "<group>";
		};
		FA87E645251CCD86003D871F /* Delegates */ = {
			isa = PBXGroup;
			children = (
				FA87E630251CCD7A003D871F /* AppDelegate.swift */,
				FA87E632251CCD7A003D871F /* SceneDelegate.swift */,
			);
			path = Delegates;
			sourceTree = "<group>";
		};
		FA87E646251CCD8A003D871F /* Controllers */ = {
			isa = PBXGroup;
			children = (
				FA87E634251CCD7A003D871F /* ViewController.swift */,
			);
			path = Controllers;
			sourceTree = "<group>";
		};
		FA87E647251CCD8D003D871F /* Views */ = {
			isa = PBXGroup;
			children = (
				FA87E636251CCD7A003D871F /* Main.storyboard */,
				FA87E63B251CCD7C003D871F /* LaunchScreen.storyboard */,
			);
			path = Views;
			sourceTree = "<group>";
		};
/* End PBXGroup section */

/* Begin PBXNativeTarget section */
		FA87E62C251CCD7A003D871F /* lesson_15 */ = {
			isa = PBXNativeTarget;
			buildConfigurationList = FA87E641251CCD7C003D871F /* Build configuration list for PBXNativeTarget "lesson_15" */;
			buildPhases = (
				3F241A34D75E2F365291A4F7 /* [CP] Check Pods Manifest.lock */,
				FA87E629251CCD7A003D871F /* Sources */,
				FA87E62A251CCD7A003D871F /* Frameworks */,
				FA87E62B251CCD7A003D871F /* Resources */,
				6DC8C9DEEC76CB30E1808432 /* [CP] Embed Pods Frameworks */,
			);
			buildRules = (
			);
			dependencies = (
			);
			name = lesson_15;
			productName = lesson_15;
			productReference = FA87E62D251CCD7A003D871F /* lesson_15.app */;
			productType = "com.apple.product-type.application";
		};
/* End PBXNativeTarget section */

/* Begin PBXProject section */
		FA87E625251CCD7A003D871F /* Project object */ = {
			isa = PBXProject;
			attributes = {
				LastSwiftUpdateCheck = 1200;
				LastUpgradeCheck = 1200;
				TargetAttributes = {
					FA87E62C251CCD7A003D871F = {
						CreatedOnToolsVersion = 12.0;
					};
				};
			};
			buildConfigurationList = FA87E628251CCD7A003D871F /* Build configuration list for PBXProject "lesson_15" */;
			compatibilityVersion = "Xcode 9.3";
			developmentRegion = en;
			hasScannedForEncodings = 0;
			knownRegions = (
				en,
				Base,
			);
			mainGroup = FA87E624251CCD7A003D871F;
			productRefGroup = FA87E62E251CCD7A003D871F /* Products */;
			projectDirPath = "";
			projectRoot = "";
			targets = (
				FA87E62C251CCD7A003D871F /* lesson_15 */,
			);
		};
/* End PBXProject section */

/* Begin PBXResourcesBuildPhase section */
		FA87E62B251CCD7A003D871F /* Resources */ = {
			isa = PBXResourcesBuildPhase;
			buildActionMask = 2147483647;
			files = (
				FA87E63D251CCD7C003D871F /* LaunchScreen.storyboard in Resources */,
				FA87E63A251CCD7C003D871F /* Assets.xcassets in Resources */,
				FAF9FA51251CDF8F007F519F /* 1.mov in Resources */,
				FA87E638251CCD7A003D871F /* Main.storyboard in Resources */,
			);
			runOnlyForDeploymentPostprocessing = 0;
		};
/* End PBXResourcesBuildPhase section */

/* Begin PBXShellScriptBuildPhase section */
		3F241A34D75E2F365291A4F7 /* [CP] Check Pods Manifest.lock */ = {
			isa = PBXShellScriptBuildPhase;
			buildActionMask = 2147483647;
			files = (
			);
			inputFileListPaths = (
			);
			inputPaths = (
				"${PODS_PODFILE_DIR_PATH}/Podfile.lock",
				"${PODS_ROOT}/Manifest.lock",
			);
			name = "[CP] Check Pods Manifest.lock";
			outputFileListPaths = (
			);
			outputPaths = (
				"$(DERIVED_FILE_DIR)/Pods-lesson_15-checkManifestLockResult.txt",
			);
			runOnlyForDeploymentPostprocessing = 0;
			shellPath = /bin/sh;
			shellScript = "diff \"${PODS_PODFILE_DIR_PATH}/Podfile.lock\" \"${PODS_ROOT}/Manifest.lock\" > /dev/null\nif [ $? != 0 ] ; then\n    # print error to STDERR\n    echo \"error: The sandbox is not in sync with the Podfile.lock. Run 'pod install' or update your CocoaPods installation.\" >&2\n    exit 1\nfi\n# This output is used by Xcode 'outputs' to avoid re-running this script phase.\necho \"SUCCESS\" > \"${SCRIPT_OUTPUT_FILE_0}\"\n";
			showEnvVarsInLog = 0;
		};
		6DC8C9DEEC76CB30E1808432 /* [CP] Embed Pods Frameworks */ = {
			isa = PBXShellScriptBuildPhase;
			buildActionMask = 2147483647;
			files = (
			);
			inputFileListPaths = (
				"${PODS_ROOT}/Target Support Files/Pods-lesson_15/Pods-lesson_15-frameworks-${CONFIGURATION}-input-files.xcfilelist",
			);
			name = "[CP] Embed Pods Frameworks";
			outputFileListPaths = (
				"${PODS_ROOT}/Target Support Files/Pods-lesson_15/Pods-lesson_15-frameworks-${CONFIGURATION}-output-files.xcfilelist",
			);
			runOnlyForDeploymentPostprocessing = 0;
			shellPath = /bin/sh;
			shellScript = "\"${PODS_ROOT}/Target Support Files/Pods-lesson_15/Pods-lesson_15-frameworks.sh\"\n";
			showEnvVarsInLog = 0;
		};
/* End PBXShellScriptBuildPhase section */

/* Begin PBXSourcesBuildPhase section */
		FA87E629251CCD7A003D871F /* Sources */ = {
			isa = PBXSourcesBuildPhase;
			buildActionMask = 2147483647;
			files = (
				FA87E635251CCD7A003D871F /* ViewController.swift in Sources */,
				FA87E631251CCD7A003D871F /* AppDelegate.swift in Sources */,
				FA87E633251CCD7A003D871F /* SceneDelegate.swift in Sources */,
			);
			runOnlyForDeploymentPostprocessing = 0;
		};
/* End PBXSourcesBuildPhase section */

/* Begin PBXVariantGroup section */
		FA87E636251CCD7A003D871F /* Main.storyboard */ = {
			isa = PBXVariantGroup;
			children = (
				FA87E637251CCD7A003D871F /* Base */,
			);
			name = Main.storyboard;
			sourceTree = "<group>";
		};
		FA87E63B251CCD7C003D871F /* LaunchScreen.storyboard */ = {
			isa = PBXVariantGroup;
			children = (
				FA87E63C251CCD7C003D871F /* Base */,
			);
			name = LaunchScreen.storyboard;
			sourceTree = "<group>";
		};
/* End PBXVariantGroup section */

/* Begin XCBuildConfiguration section */
		FA87E63F251CCD7C003D871F /* Debug */ = {
			isa = XCBuildConfiguration;
			buildSettings = {
				ALWAYS_SEARCH_USER_PATHS = NO;
				CLANG_ANALYZER_NONNULL = YES;
				CLANG_ANALYZER_NUMBER_OBJECT_CONVERSION = YES_AGGRESSIVE;
				CLANG_CXX_LANGUAGE_STANDARD = "gnu++14";
				CLANG_CXX_LIBRARY = "libc++";
				CLANG_ENABLE_MODULES = YES;
				CLANG_ENABLE_OBJC_ARC = YES;
				CLANG_ENABLE_OBJC_WEAK = YES;
				CLANG_WARN_BLOCK_CAPTURE_AUTORELEASING = YES;
				CLANG_WARN_BOOL_CONVERSION = YES;
				CLANG_WARN_COMMA = YES;
				CLANG_WARN_CONSTANT_CONVERSION = YES;
				CLANG_WARN_DEPRECATED_OBJC_IMPLEMENTATIONS = YES;
				CLANG_WARN_DIRECT_OBJC_ISA_USAGE = YES_ERROR;
				CLANG_WARN_DOCUMENTATION_COMMENTS = YES;
				CLANG_WARN_EMPTY_BODY = YES;
				CLANG_WARN_ENUM_CONVERSION = YES;
				CLANG_WARN_INFINITE_RECURSION = YES;
				CLANG_WARN_INT_CONVERSION = YES;
				CLANG_WARN_NON_LITERAL_NULL_CONVERSION = YES;
				CLANG_WARN_OBJC_IMPLICIT_RETAIN_SELF = YES;
				CLANG_WARN_OBJC_LITERAL_CONVERSION = YES;
				CLANG_WARN_OBJC_ROOT_CLASS = YES_ERROR;
				CLANG_WARN_QUOTED_INCLUDE_IN_FRAMEWORK_HEADER = YES;
				CLANG_WARN_RANGE_LOOP_ANALYSIS = YES;
				CLANG_WARN_STRICT_PROTOTYPES = YES;
				CLANG_WARN_SUSPICIOUS_MOVE = YES;
				CLANG_WARN_UNGUARDED_AVAILABILITY = YES_AGGRESSIVE;
				CLANG_WARN_UNREACHABLE_CODE = YES;
				CLANG_WARN__DUPLICATE_METHOD_MATCH = YES;
				COPY_PHASE_STRIP = NO;
				DEBUG_INFORMATION_FORMAT = dwarf;
				ENABLE_STRICT_OBJC_MSGSEND = YES;
				ENABLE_TESTABILITY = YES;
				GCC_C_LANGUAGE_STANDARD = gnu11;
				GCC_DYNAMIC_NO_PIC = NO;
				GCC_NO_COMMON_BLOCKS = YES;
				GCC_OPTIMIZATION_LEVEL = 0;
				GCC_PREPROCESSOR_DEFINITIONS = (
					"DEBUG=1",
					"$(inherited)",
				);
				GCC_WARN_64_TO_32_BIT_CONVERSION = YES;
				GCC_WARN_ABOUT_RETURN_TYPE = YES_ERROR;
				GCC_WARN_UNDECLARED_SELECTOR = YES;
				GCC_WARN_UNINITIALIZED_AUTOS = YES_AGGRESSIVE;
				GCC_WARN_UNUSED_FUNCTION = YES;
				GCC_WARN_UNUSED_VARIABLE = YES;
				IPHONEOS_DEPLOYMENT_TARGET = 14.0;
				MTL_ENABLE_DEBUG_INFO = INCLUDE_SOURCE;
				MTL_FAST_MATH = YES;
				ONLY_ACTIVE_ARCH = YES;
				SDKROOT = iphoneos;
				SWIFT_ACTIVE_COMPILATION_CONDITIONS = DEBUG;
				SWIFT_OPTIMIZATION_LEVEL = "-Onone";
			};
			name = Debug;
		};
		FA87E640251CCD7C003D871F /* Release */ = {
			isa = XCBuildConfiguration;
			buildSettings = {
				ALWAYS_SEARCH_USER_PATHS = NO;
				CLANG_ANALYZER_NONNULL = YES;
				CLANG_ANALYZER_NUMBER_OBJECT_CONVERSION = YES_AGGRESSIVE;
				CLANG_CXX_LANGUAGE_STANDARD = "gnu++14";
				CLANG_CXX_LIBRARY = "libc++";
				CLANG_ENABLE_MODULES = YES;
				CLANG_ENABLE_OBJC_ARC = YES;
				CLANG_ENABLE_OBJC_WEAK = YES;
				CLANG_WARN_BLOCK_CAPTURE_AUTORELEASING = YES;
				CLANG_WARN_BOOL_CONVERSION = YES;
				CLANG_WARN_COMMA = YES;
				CLANG_WARN_CONSTANT_CONVERSION = YES;
				CLANG_WARN_DEPRECATED_OBJC_IMPLEMENTATIONS = YES;
				CLANG_WARN_DIRECT_OBJC_ISA_USAGE = YES_ERROR;
				CLANG_WARN_DOCUMENTATION_COMMENTS = YES;
				CLANG_WARN_EMPTY_BODY = YES;
				CLANG_WARN_ENUM_CONVERSION = YES;
				CLANG_WARN_INFINITE_RECURSION = YES;
				CLANG_WARN_INT_CONVERSION = YES;
				CLANG_WARN_NON_LITERAL_NULL_CONVERSION = YES;
				CLANG_WARN_OBJC_IMPLICIT_RETAIN_SELF = YES;
				CLANG_WARN_OBJC_LITERAL_CONVERSION = YES;
				CLANG_WARN_OBJC_ROOT_CLASS = YES_ERROR;
				CLANG_WARN_QUOTED_INCLUDE_IN_FRAMEWORK_HEADER = YES;
				CLANG_WARN_RANGE_LOOP_ANALYSIS = YES;
				CLANG_WARN_STRICT_PROTOTYPES = YES;
				CLANG_WARN_SUSPICIOUS_MOVE = YES;
				CLANG_WARN_UNGUARDED_AVAILABILITY = YES_AGGRESSIVE;
				CLANG_WARN_UNREACHABLE_CODE = YES;
				CLANG_WARN__DUPLICATE_METHOD_MATCH = YES;
				COPY_PHASE_STRIP = NO;
				DEBUG_INFORMATION_FORMAT = "dwarf-with-dsym";
				ENABLE_NS_ASSERTIONS = NO;
				ENABLE_STRICT_OBJC_MSGSEND = YES;
				GCC_C_LANGUAGE_STANDARD = gnu11;
				GCC_NO_COMMON_BLOCKS = YES;
				GCC_WARN_64_TO_32_BIT_CONVERSION = YES;
				GCC_WARN_ABOUT_RETURN_TYPE = YES_ERROR;
				GCC_WARN_UNDECLARED_SELECTOR = YES;
				GCC_WARN_UNINITIALIZED_AUTOS = YES_AGGRESSIVE;
				GCC_WARN_UNUSED_FUNCTION = YES;
				GCC_WARN_UNUSED_VARIABLE = YES;
				IPHONEOS_DEPLOYMENT_TARGET = 14.0;
				MTL_ENABLE_DEBUG_INFO = NO;
				MTL_FAST_MATH = YES;
				SDKROOT = iphoneos;
				SWIFT_COMPILATION_MODE = wholemodule;
				SWIFT_OPTIMIZATION_LEVEL = "-O";
				VALIDATE_PRODUCT = YES;
			};
			name = Release;
		};
		FA87E642251CCD7C003D871F /* Debug */ = {
			isa = XCBuildConfiguration;
			baseConfigurationReference = C0B62DAEDF59029A0E986267 /* Pods-lesson_15.debug.xcconfig */;
			buildSettings = {
				ASSETCATALOG_COMPILER_APPICON_NAME = AppIcon;
				ASSETCATALOG_COMPILER_GLOBAL_ACCENT_COLOR_NAME = AccentColor;
				CODE_SIGN_STYLE = Automatic;
				DEVELOPMENT_TEAM = LMGHP5L64B;
				INFOPLIST_FILE = lesson_15/Info.plist;
				LD_RUNPATH_SEARCH_PATHS = (
					"$(inherited)",
					"@executable_path/Frameworks",
				);
				PRODUCT_BUNDLE_IDENTIFIER = "sanyakarpenko.lesson-15";
				PRODUCT_NAME = "$(TARGET_NAME)";
				SWIFT_VERSION = 5.0;
				TARGETED_DEVICE_FAMILY = "1,2";
			};
			name = Debug;
		};
		FA87E643251CCD7C003D871F /* Release */ = {
			isa = XCBuildConfiguration;
			baseConfigurationReference = 7A2DFD83E0254782B078C42A /* Pods-lesson_15.release.xcconfig */;
			buildSettings = {
				ASSETCATALOG_COMPILER_APPICON_NAME = AppIcon;
				ASSETCATALOG_COMPILER_GLOBAL_ACCENT_COLOR_NAME = AccentColor;
				CODE_SIGN_STYLE = Automatic;
				DEVELOPMENT_TEAM = LMGHP5L64B;
				INFOPLIST_FILE = lesson_15/Info.plist;
				LD_RUNPATH_SEARCH_PATHS = (
					"$(inherited)",
					"@executable_path/Frameworks",
				);
				PRODUCT_BUNDLE_IDENTIFIER = "sanyakarpenko.lesson-15";
				PRODUCT_NAME = "$(TARGET_NAME)";
				SWIFT_VERSION = 5.0;
				TARGETED_DEVICE_FAMILY = "1,2";
			};
			name = Release;
		};
/* End XCBuildConfiguration section */

/* Begin XCConfigurationList section */
		FA87E628251CCD7A003D871F /* Build configuration list for PBXProject "lesson_15" */ = {
			isa = XCConfigurationList;
			buildConfigurations = (
				FA87E63F251CCD7C003D871F /* Debug */,
				FA87E640251CCD7C003D871F /* Release */,
			);
			defaultConfigurationIsVisible = 0;
			defaultConfigurationName = Release;
		};
		FA87E641251CCD7C003D871F /* Build configuration list for PBXNativeTarget "lesson_15" */ = {
			isa = XCConfigurationList;
			buildConfigurations = (
				FA87E642251CCD7C003D871F /* Debug */,
				FA87E643251CCD7C003D871F /* Release */,
			);
			defaultConfigurationIsVisible = 0;
			defaultConfigurationName = Release;
		};
/* End XCConfigurationList section */
	};
	rootObject = FA87E625251CCD7A003D871F /* Project object */;
}
