// !$*UTF8*$!
{
	archiveVersion = 1;
	classes = {
	};
	objectVersion = 50;
	objects = {

/* Begin PBXBuildFile section */
		FA601F8D251A2B95007DFD36 /* 3.mov in Resources */ = {isa = PBXBuildFile; fileRef = FA601F88251A2B94007DFD36 /* 3.mov */; };
		FA601F8E251A2B95007DFD36 /* 4.mp3 in Resources */ = {isa = PBXBuildFile; fileRef = FA601F89251A2B94007DFD36 /* 4.mp3 */; };
		FA601F8F251A2B95007DFD36 /* 5.mp3 in Resources */ = {isa = PBXBuildFile; fileRef = FA601F8A251A2B94007DFD36 /* 5.mp3 */; };
		FA601F90251A2B95007DFD36 /* 2.mov in Resources */ = {isa = PBXBuildFile; fileRef = FA601F8B251A2B94007DFD36 /* 2.mov */; };
		FA601F91251A2B95007DFD36 /* 1.mov in Resources */ = {isa = PBXBuildFile; fileRef = FA601F8C251A2B95007DFD36 /* 1.mov */; };
		FABB01772519F87C009E45CC /* AppDelegate.swift in Sources */ = {isa = PBXBuildFile; fileRef = FABB01762519F87C009E45CC /* AppDelegate.swift */; };
		FABB01792519F87C009E45CC /* SceneDelegate.swift in Sources */ = {isa = PBXBuildFile; fileRef = FABB01782519F87C009E45CC /* SceneDelegate.swift */; };
		FABB017B2519F87C009E45CC /* ViewController.swift in Sources */ = {isa = PBXBuildFile; fileRef = FABB017A2519F87C009E45CC /* ViewController.swift */; };
		FABB017E2519F87C009E45CC /* Main.storyboard in Resources */ = {isa = PBXBuildFile; fileRef = FABB017C2519F87C009E45CC /* Main.storyboard */; };
		FABB01802519F87C009E45CC /* Assets.xcassets in Resources */ = {isa = PBXBuildFile; fileRef = FABB017F2519F87C009E45CC /* Assets.xcassets */; };
		FABB01832519F87C009E45CC /* LaunchScreen.storyboard in Resources */ = {isa = PBXBuildFile; fileRef = FABB01812519F87C009E45CC /* LaunchScreen.storyboard */; };
		FABB01922519FB95009E45CC /* AssetStore.swift in Sources */ = {isa = PBXBuildFile; fileRef = FABB01912519FB95009E45CC /* AssetStore.swift */; };
/* End PBXBuildFile section */

/* Begin PBXFileReference section */
		FA601F88251A2B94007DFD36 /* 3.mov */ = {isa = PBXFileReference; lastKnownFileType = video.quicktime; path = 3.mov; sourceTree = "<group>"; };
		FA601F89251A2B94007DFD36 /* 4.mp3 */ = {isa = PBXFileReference; lastKnownFileType = audio.mp3; path = 4.mp3; sourceTree = "<group>"; };
		FA601F8A251A2B94007DFD36 /* 5.mp3 */ = {isa = PBXFileReference; lastKnownFileType = audio.mp3; path = 5.mp3; sourceTree = "<group>"; };
		FA601F8B251A2B94007DFD36 /* 2.mov */ = {isa = PBXFileReference; lastKnownFileType = video.quicktime; path = 2.mov; sourceTree = "<group>"; };
		FA601F8C251A2B95007DFD36 /* 1.mov */ = {isa = PBXFileReference; lastKnownFileType = video.quicktime; path = 1.mov; sourceTree = "<group>"; };
		FABB01732519F87C009E45CC /* lesson_13.app */ = {isa = PBXFileReference; explicitFileType = wrapper.application; includeInIndex = 0; path = lesson_13.app; sourceTree = BUILT_PRODUCTS_DIR; };
		FABB01762519F87C009E45CC /* AppDelegate.swift */ = {isa = PBXFileReference; lastKnownFileType = sourcecode.swift; path = AppDelegate.swift; sourceTree = "<group>"; };
		FABB01782519F87C009E45CC /* SceneDelegate.swift */ = {isa = PBXFileReference; lastKnownFileType = sourcecode.swift; path = SceneDelegate.swift; sourceTree = "<group>"; };
		FABB017A2519F87C009E45CC /* ViewController.swift */ = {isa = PBXFileReference; lastKnownFileType = sourcecode.swift; path = ViewController.swift; sourceTree = "<group>"; };
		FABB017D2519F87C009E45CC /* Base */ = {isa = PBXFileReference; lastKnownFileType = file.storyboard; name = Base; path = Base.lproj/Main.storyboard; sourceTree = "<group>"; };
		FABB017F2519F87C009E45CC /* Assets.xcassets */ = {isa = PBXFileReference; lastKnownFileType = folder.assetcatalog; path = Assets.xcassets; sourceTree = "<group>"; };
		FABB01822519F87C009E45CC /* Base */ = {isa = PBXFileReference; lastKnownFileType = file.storyboard; name = Base; path = Base.lproj/LaunchScreen.storyboard; sourceTree = "<group>"; };
		FABB01842519F87C009E45CC /* Info.plist */ = {isa = PBXFileReference; lastKnownFileType = text.plist.xml; path = Info.plist; sourceTree = "<group>"; };
		FABB01912519FB95009E45CC /* AssetStore.swift */ = {isa = PBXFileReference; lastKnownFileType = sourcecode.swift; path = AssetStore.swift; sourceTree = "<group>"; };
/* End PBXFileReference section */

/* Begin PBXFrameworksBuildPhase section */
		FABB01702519F87C009E45CC /* Frameworks */ = {
			isa = PBXFrameworksBuildPhase;
			buildActionMask = 2147483647;
			files = (
			);
			runOnlyForDeploymentPostprocessing = 0;
		};
/* End PBXFrameworksBuildPhase section */

/* Begin PBXGroup section */
		FABB016A2519F87C009E45CC = {
			isa = PBXGroup;
			children = (
				FABB01752519F87C009E45CC /* lesson_13 */,
				FABB01742519F87C009E45CC /* Products */,
			);
			sourceTree = "<group>";
		};
		FABB01742519F87C009E45CC /* Products */ = {
			isa = PBXGroup;
			children = (
				FABB01732519F87C009E45CC /* lesson_13.app */,
			);
			name = Products;
			sourceTree = "<group>";
		};
		FABB01752519F87C009E45CC /* lesson_13 */ = {
			isa = PBXGroup;
			children = (
				FABB01902519FB89009E45CC /* Utils */,
				FABB018E2519F886009E45CC /* Views */,
				FABB018C2519F882009E45CC /* Controllers */,
				FABB018B2519F880009E45CC /* Delegates */,
				FABB017F2519F87C009E45CC /* Assets.xcassets */,
				FABB01842519F87C009E45CC /* Info.plist */,
				FA601F8C251A2B95007DFD36 /* 1.mov */,
				FA601F8B251A2B94007DFD36 /* 2.mov */,
				FA601F88251A2B94007DFD36 /* 3.mov */,
				FA601F89251A2B94007DFD36 /* 4.mp3 */,
				FA601F8A251A2B94007DFD36 /* 5.mp3 */,
			);
			path = lesson_13;
			sourceTree = "<group>";
		};
		FABB018B2519F880009E45CC /* Delegates */ = {
			isa = PBXGroup;
			children = (
				FABB01762519F87C009E45CC /* AppDelegate.swift */,
				FABB01782519F87C009E45CC /* SceneDelegate.swift */,
			);
			path = Delegates;
			sourceTree = "<group>";
		};
		FABB018C2519F882009E45CC /* Controllers */ = {
			isa = PBXGroup;
			children = (
				FABB017A2519F87C009E45CC /* ViewController.swift */,
			);
			path = Controllers;
			sourceTree = "<group>";
		};
		FABB018E2519F886009E45CC /* Views */ = {
			isa = PBXGroup;
			children = (
				FABB017C2519F87C009E45CC /* Main.storyboard */,
				FABB01812519F87C009E45CC /* LaunchScreen.storyboard */,
			);
			path = Views;
			sourceTree = "<group>";
		};
		FABB01902519FB89009E45CC /* Utils */ = {
			isa = PBXGroup;
			children = (
				FABB01912519FB95009E45CC /* AssetStore.swift */,
			);
			path = Utils;
			sourceTree = "<group>";
		};
/* End PBXGroup section */

/* Begin PBXNativeTarget section */
		FABB01722519F87C009E45CC /* lesson_13 */ = {
			isa = PBXNativeTarget;
			buildConfigurationList = FABB01872519F87C009E45CC /* Build configuration list for PBXNativeTarget "lesson_13" */;
			buildPhases = (
				FABB016F2519F87C009E45CC /* Sources */,
				FABB01702519F87C009E45CC /* Frameworks */,
				FABB01712519F87C009E45CC /* Resources */,
			);
			buildRules = (
			);
			dependencies = (
			);
			name = lesson_13;
			productName = lesson_13;
			productReference = FABB01732519F87C009E45CC /* lesson_13.app */;
			productType = "com.apple.product-type.application";
		};
/* End PBXNativeTarget section */

/* Begin PBXProject section */
		FABB016B2519F87C009E45CC /* Project object */ = {
			isa = PBXProject;
			attributes = {
				LastSwiftUpdateCheck = 1200;
				LastUpgradeCheck = 1200;
				TargetAttributes = {
					FABB01722519F87C009E45CC = {
						CreatedOnToolsVersion = 12.0;
					};
				};
			};
			buildConfigurationList = FABB016E2519F87C009E45CC /* Build configuration list for PBXProject "lesson_13" */;
			compatibilityVersion = "Xcode 9.3";
			developmentRegion = en;
			hasScannedForEncodings = 0;
			knownRegions = (
				en,
				Base,
			);
			mainGroup = FABB016A2519F87C009E45CC;
			productRefGroup = FABB01742519F87C009E45CC /* Products */;
			projectDirPath = "";
			projectRoot = "";
			targets = (
				FABB01722519F87C009E45CC /* lesson_13 */,
			);
		};
/* End PBXProject section */

/* Begin PBXResourcesBuildPhase section */
		FABB01712519F87C009E45CC /* Resources */ = {
			isa = PBXResourcesBuildPhase;
			buildActionMask = 2147483647;
			files = (
				FA601F90251A2B95007DFD36 /* 2.mov in Resources */,
				FA601F8F251A2B95007DFD36 /* 5.mp3 in Resources */,
				FA601F8D251A2B95007DFD36 /* 3.mov in Resources */,
				FABB01832519F87C009E45CC /* LaunchScreen.storyboard in Resources */,
				FABB01802519F87C009E45CC /* Assets.xcassets in Resources */,
				FA601F8E251A2B95007DFD36 /* 4.mp3 in Resources */,
				FA601F91251A2B95007DFD36 /* 1.mov in Resources */,
				FABB017E2519F87C009E45CC /* Main.storyboard in Resources */,
			);
			runOnlyForDeploymentPostprocessing = 0;
		};
/* End PBXResourcesBuildPhase section */

/* Begin PBXSourcesBuildPhase section */
		FABB016F2519F87C009E45CC /* Sources */ = {
			isa = PBXSourcesBuildPhase;
			buildActionMask = 2147483647;
			files = (
				FABB01922519FB95009E45CC /* AssetStore.swift in Sources */,
				FABB017B2519F87C009E45CC /* ViewController.swift in Sources */,
				FABB01772519F87C009E45CC /* AppDelegate.swift in Sources */,
				FABB01792519F87C009E45CC /* SceneDelegate.swift in Sources */,
			);
			runOnlyForDeploymentPostprocessing = 0;
		};
/* End PBXSourcesBuildPhase section */

/* Begin PBXVariantGroup section */
		FABB017C2519F87C009E45CC /* Main.storyboard */ = {
			isa = PBXVariantGroup;
			children = (
				FABB017D2519F87C009E45CC /* Base */,
			);
			name = Main.storyboard;
			sourceTree = "<group>";
		};
		FABB01812519F87C009E45CC /* LaunchScreen.storyboard */ = {
			isa = PBXVariantGroup;
			children = (
				FABB01822519F87C009E45CC /* Base */,
			);
			name = LaunchScreen.storyboard;
			sourceTree = "<group>";
		};
/* End PBXVariantGroup section */

/* Begin XCBuildConfiguration section */
		FABB01852519F87C009E45CC /* Debug */ = {
			isa = XCBuildConfiguration;
			buildSettings = {
				ALWAYS_SEARCH_USER_PATHS = NO;
				CLANG_ANALYZER_NONNULL = YES;
				CLANG_ANALYZER_NUMBER_OBJECT_CONVERSION = YES_AGGRESSIVE;
				CLANG_CXX_LANGUAGE_STANDARD = "gnu++14";
				CLANG_CXX_LIBRARY = "libc++";
				CLANG_ENABLE_MODULES = YES;
				CLANG_ENABLE_OBJC_ARC = YES;
				CLANG_ENABLE_OBJC_WEAK = YES;
				CLANG_WARN_BLOCK_CAPTURE_AUTORELEASING = YES;
				CLANG_WARN_BOOL_CONVERSION = YES;
				CLANG_WARN_COMMA = YES;
				CLANG_WARN_CONSTANT_CONVERSION = YES;
				CLANG_WARN_DEPRECATED_OBJC_IMPLEMENTATIONS = YES;
				CLANG_WARN_DIRECT_OBJC_ISA_USAGE = YES_ERROR;
				CLANG_WARN_DOCUMENTATION_COMMENTS = YES;
				CLANG_WARN_EMPTY_BODY = YES;
				CLANG_WARN_ENUM_CONVERSION = YES;
				CLANG_WARN_INFINITE_RECURSION = YES;
				CLANG_WARN_INT_CONVERSION = YES;
				CLANG_WARN_NON_LITERAL_NULL_CONVERSION = YES;
				CLANG_WARN_OBJC_IMPLICIT_RETAIN_SELF = YES;
				CLANG_WARN_OBJC_LITERAL_CONVERSION = YES;
				CLANG_WARN_OBJC_ROOT_CLASS = YES_ERROR;
				CLANG_WARN_QUOTED_INCLUDE_IN_FRAMEWORK_HEADER = YES;
				CLANG_WARN_RANGE_LOOP_ANALYSIS = YES;
				CLANG_WARN_STRICT_PROTOTYPES = YES;
				CLANG_WARN_SUSPICIOUS_MOVE = YES;
				CLANG_WARN_UNGUARDED_AVAILABILITY = YES_AGGRESSIVE;
				CLANG_WARN_UNREACHABLE_CODE = YES;
				CLANG_WARN__DUPLICATE_METHOD_MATCH = YES;
				COPY_PHASE_STRIP = NO;
				DEBUG_INFORMATION_FORMAT = dwarf;
				ENABLE_STRICT_OBJC_MSGSEND = YES;
				ENABLE_TESTABILITY = YES;
				GCC_C_LANGUAGE_STANDARD = gnu11;
				GCC_DYNAMIC_NO_PIC = NO;
				GCC_NO_COMMON_BLOCKS = YES;
				GCC_OPTIMIZATION_LEVEL = 0;
				GCC_PREPROCESSOR_DEFINITIONS = (
					"DEBUG=1",
					"$(inherited)",
				);
				GCC_WARN_64_TO_32_BIT_CONVERSION = YES;
				GCC_WARN_ABOUT_RETURN_TYPE = YES_ERROR;
				GCC_WARN_UNDECLARED_SELECTOR = YES;
				GCC_WARN_UNINITIALIZED_AUTOS = YES_AGGRESSIVE;
				GCC_WARN_UNUSED_FUNCTION = YES;
				GCC_WARN_UNUSED_VARIABLE = YES;
				IPHONEOS_DEPLOYMENT_TARGET = 13.6;
				MTL_ENABLE_DEBUG_INFO = INCLUDE_SOURCE;
				MTL_FAST_MATH = YES;
				ONLY_ACTIVE_ARCH = YES;
				SDKROOT = iphoneos;
				SWIFT_ACTIVE_COMPILATION_CONDITIONS = DEBUG;
				SWIFT_OPTIMIZATION_LEVEL = "-Onone";
			};
			name = Debug;
		};
		FABB01862519F87C009E45CC /* Release */ = {
			isa = XCBuildConfiguration;
			buildSettings = {
				ALWAYS_SEARCH_USER_PATHS = NO;
				CLANG_ANALYZER_NONNULL = YES;
				CLANG_ANALYZER_NUMBER_OBJECT_CONVERSION = YES_AGGRESSIVE;
				CLANG_CXX_LANGUAGE_STANDARD = "gnu++14";
				CLANG_CXX_LIBRARY = "libc++";
				CLANG_ENABLE_MODULES = YES;
				CLANG_ENABLE_OBJC_ARC = YES;
				CLANG_ENABLE_OBJC_WEAK = YES;
				CLANG_WARN_BLOCK_CAPTURE_AUTORELEASING = YES;
				CLANG_WARN_BOOL_CONVERSION = YES;
				CLANG_WARN_COMMA = YES;
				CLANG_WARN_CONSTANT_CONVERSION = YES;
				CLANG_WARN_DEPRECATED_OBJC_IMPLEMENTATIONS = YES;
				CLANG_WARN_DIRECT_OBJC_ISA_USAGE = YES_ERROR;
				CLANG_WARN_DOCUMENTATION_COMMENTS = YES;
				CLANG_WARN_EMPTY_BODY = YES;
				CLANG_WARN_ENUM_CONVERSION = YES;
				CLANG_WARN_INFINITE_RECURSION = YES;
				CLANG_WARN_INT_CONVERSION = YES;
				CLANG_WARN_NON_LITERAL_NULL_CONVERSION = YES;
				CLANG_WARN_OBJC_IMPLICIT_RETAIN_SELF = YES;
				CLANG_WARN_OBJC_LITERAL_CONVERSION = YES;
				CLANG_WARN_OBJC_ROOT_CLASS = YES_ERROR;
				CLANG_WARN_QUOTED_INCLUDE_IN_FRAMEWORK_HEADER = YES;
				CLANG_WARN_RANGE_LOOP_ANALYSIS = YES;
				CLANG_WARN_STRICT_PROTOTYPES = YES;
				CLANG_WARN_SUSPICIOUS_MOVE = YES;
				CLANG_WARN_UNGUARDED_AVAILABILITY = YES_AGGRESSIVE;
				CLANG_WARN_UNREACHABLE_CODE = YES;
				CLANG_WARN__DUPLICATE_METHOD_MATCH = YES;
				COPY_PHASE_STRIP = NO;
				DEBUG_INFORMATION_FORMAT = "dwarf-with-dsym";
				ENABLE_NS_ASSERTIONS = NO;
				ENABLE_STRICT_OBJC_MSGSEND = YES;
				GCC_C_LANGUAGE_STANDARD = gnu11;
				GCC_NO_COMMON_BLOCKS = YES;
				GCC_WARN_64_TO_32_BIT_CONVERSION = YES;
				GCC_WARN_ABOUT_RETURN_TYPE = YES_ERROR;
				GCC_WARN_UNDECLARED_SELECTOR = YES;
				GCC_WARN_UNINITIALIZED_AUTOS = YES_AGGRESSIVE;
				GCC_WARN_UNUSED_FUNCTION = YES;
				GCC_WARN_UNUSED_VARIABLE = YES;
				IPHONEOS_DEPLOYMENT_TARGET = 13.6;
				MTL_ENABLE_DEBUG_INFO = NO;
				MTL_FAST_MATH = YES;
				SDKROOT = iphoneos;
				SWIFT_COMPILATION_MODE = wholemodule;
				SWIFT_OPTIMIZATION_LEVEL = "-O";
				VALIDATE_PRODUCT = YES;
			};
			name = Release;
		};
		FABB01882519F87C009E45CC /* Debug */ = {
			isa = XCBuildConfiguration;
			buildSettings = {
				ASSETCATALOG_COMPILER_APPICON_NAME = AppIcon;
				ASSETCATALOG_COMPILER_GLOBAL_ACCENT_COLOR_NAME = AccentColor;
				CODE_SIGN_STYLE = Automatic;
				DEVELOPMENT_TEAM = LMGHP5L64B;
				INFOPLIST_FILE = lesson_13/Info.plist;
				LD_RUNPATH_SEARCH_PATHS = (
					"$(inherited)",
					"@executable_path/Frameworks",
				);
				PRODUCT_BUNDLE_IDENTIFIER = "sanyakarpenko.lesson-13";
				PRODUCT_NAME = "$(TARGET_NAME)";
				SWIFT_VERSION = 5.0;
				TARGETED_DEVICE_FAMILY = "1,2";
			};
			name = Debug;
		};
		FABB01892519F87C009E45CC /* Release */ = {
			isa = XCBuildConfiguration;
			buildSettings = {
				ASSETCATALOG_COMPILER_APPICON_NAME = AppIcon;
				ASSETCATALOG_COMPILER_GLOBAL_ACCENT_COLOR_NAME = AccentColor;
				CODE_SIGN_STYLE = Automatic;
				DEVELOPMENT_TEAM = LMGHP5L64B;
				INFOPLIST_FILE = lesson_13/Info.plist;
				LD_RUNPATH_SEARCH_PATHS = (
					"$(inherited)",
					"@executable_path/Frameworks",
				);
				PRODUCT_BUNDLE_IDENTIFIER = "sanyakarpenko.lesson-13";
				PRODUCT_NAME = "$(TARGET_NAME)";
				SWIFT_VERSION = 5.0;
				TARGETED_DEVICE_FAMILY = "1,2";
			};
			name = Release;
		};
/* End XCBuildConfiguration section */

/* Begin XCConfigurationList section */
		FABB016E2519F87C009E45CC /* Build configuration list for PBXProject "lesson_13" */ = {
			isa = XCConfigurationList;
			buildConfigurations = (
				FABB01852519F87C009E45CC /* Debug */,
				FABB01862519F87C009E45CC /* Release */,
			);
			defaultConfigurationIsVisible = 0;
			defaultConfigurationName = Release;
		};
		FABB01872519F87C009E45CC /* Build configuration list for PBXNativeTarget "lesson_13" */ = {
			isa = XCConfigurationList;
			buildConfigurations = (
				FABB01882519F87C009E45CC /* Debug */,
				FABB01892519F87C009E45CC /* Release */,
			);
			defaultConfigurationIsVisible = 0;
			defaultConfigurationName = Release;
		};
/* End XCConfigurationList section */
	};
	rootObject = FABB016B2519F87C009E45CC /* Project object */;
}
