// !$*UTF8*$!
{
	archiveVersion = 1;
	classes = {
	};
	objectVersion = 51;
	objects = {

/* Begin PBXBuildFile section */
		83A05FB61DEC8B9F1BF46D12 /* Pods_lesson_9_1.framework in Frameworks */ = {isa = PBXBuildFile; fileRef = DD637496EA9EB733DC90460E /* Pods_lesson_9_1.framework */; };
		FA3422D32511F690005C5D49 /* SegueSwizzler.swift in Sources */ = {isa = PBXBuildFile; fileRef = FA3422D22511F690005C5D49 /* SegueSwizzler.swift */; };
		FA6BF3BC2511EE2C00F9EEAF /* AppDelegate.swift in Sources */ = {isa = PBXBuildFile; fileRef = FA6BF3BB2511EE2C00F9EEAF /* AppDelegate.swift */; };
		FA6BF3BE2511EE2C00F9EEAF /* SceneDelegate.swift in Sources */ = {isa = PBXBuildFile; fileRef = FA6BF3BD2511EE2C00F9EEAF /* SceneDelegate.swift */; };
		FA6BF3C02511EE2C00F9EEAF /* ViewController.swift in Sources */ = {isa = PBXBuildFile; fileRef = FA6BF3BF2511EE2C00F9EEAF /* ViewController.swift */; };
		FA6BF3C32511EE2C00F9EEAF /* Main.storyboard in Resources */ = {isa = PBXBuildFile; fileRef = FA6BF3C12511EE2C00F9EEAF /* Main.storyboard */; };
		FA6BF3C52511EE2D00F9EEAF /* Assets.xcassets in Resources */ = {isa = PBXBuildFile; fileRef = FA6BF3C42511EE2D00F9EEAF /* Assets.xcassets */; };
		FA6BF3C82511EE2D00F9EEAF /* LaunchScreen.storyboard in Resources */ = {isa = PBXBuildFile; fileRef = FA6BF3C62511EE2D00F9EEAF /* LaunchScreen.storyboard */; };
/* End PBXBuildFile section */

/* Begin PBXFileReference section */
		991AA409C5956C7D66A4AC50 /* Pods-lesson_9_1.debug.xcconfig */ = {isa = PBXFileReference; includeInIndex = 1; lastKnownFileType = text.xcconfig; name = "Pods-lesson_9_1.debug.xcconfig"; path = "Target Support Files/Pods-lesson_9_1/Pods-lesson_9_1.debug.xcconfig"; sourceTree = "<group>"; };
		B914A38DBC14D8DDA2AF5CD2 /* Pods-lesson_9_1.release.xcconfig */ = {isa = PBXFileReference; includeInIndex = 1; lastKnownFileType = text.xcconfig; name = "Pods-lesson_9_1.release.xcconfig"; path = "Target Support Files/Pods-lesson_9_1/Pods-lesson_9_1.release.xcconfig"; sourceTree = "<group>"; };
		DD637496EA9EB733DC90460E /* Pods_lesson_9_1.framework */ = {isa = PBXFileReference; explicitFileType = wrapper.framework; includeInIndex = 0; path = Pods_lesson_9_1.framework; sourceTree = BUILT_PRODUCTS_DIR; };
		FA3422D22511F690005C5D49 /* SegueSwizzler.swift */ = {isa = PBXFileReference; lastKnownFileType = sourcecode.swift; path = SegueSwizzler.swift; sourceTree = "<group>"; };
		FA6BF3B82511EE2C00F9EEAF /* lesson_9_1.app */ = {isa = PBXFileReference; explicitFileType = wrapper.application; includeInIndex = 0; path = lesson_9_1.app; sourceTree = BUILT_PRODUCTS_DIR; };
		FA6BF3BB2511EE2C00F9EEAF /* AppDelegate.swift */ = {isa = PBXFileReference; lastKnownFileType = sourcecode.swift; path = AppDelegate.swift; sourceTree = "<group>"; };
		FA6BF3BD2511EE2C00F9EEAF /* SceneDelegate.swift */ = {isa = PBXFileReference; lastKnownFileType = sourcecode.swift; path = SceneDelegate.swift; sourceTree = "<group>"; };
		FA6BF3BF2511EE2C00F9EEAF /* ViewController.swift */ = {isa = PBXFileReference; lastKnownFileType = sourcecode.swift; path = ViewController.swift; sourceTree = "<group>"; };
		FA6BF3C22511EE2C00F9EEAF /* Base */ = {isa = PBXFileReference; lastKnownFileType = file.storyboard; name = Base; path = Base.lproj/Main.storyboard; sourceTree = "<group>"; };
		FA6BF3C42511EE2D00F9EEAF /* Assets.xcassets */ = {isa = PBXFileReference; lastKnownFileType = folder.assetcatalog; path = Assets.xcassets; sourceTree = "<group>"; };
		FA6BF3C72511EE2D00F9EEAF /* Base */ = {isa = PBXFileReference; lastKnownFileType = file.storyboard; name = Base; path = Base.lproj/LaunchScreen.storyboard; sourceTree = "<group>"; };
		FA6BF3C92511EE2D00F9EEAF /* Info.plist */ = {isa = PBXFileReference; lastKnownFileType = text.plist.xml; path = Info.plist; sourceTree = "<group>"; };
/* End PBXFileReference section */

/* Begin PBXFrameworksBuildPhase section */
		FA6BF3B52511EE2C00F9EEAF /* Frameworks */ = {
			isa = PBXFrameworksBuildPhase;
			buildActionMask = 2147483647;
			files = (
				83A05FB61DEC8B9F1BF46D12 /* Pods_lesson_9_1.framework in Frameworks */,
			);
			runOnlyForDeploymentPostprocessing = 0;
		};
/* End PBXFrameworksBuildPhase section */

/* Begin PBXGroup section */
		48974E946F4E92A9CE2EC708 /* Pods */ = {
			isa = PBXGroup;
			children = (
				991AA409C5956C7D66A4AC50 /* Pods-lesson_9_1.debug.xcconfig */,
				B914A38DBC14D8DDA2AF5CD2 /* Pods-lesson_9_1.release.xcconfig */,
			);
			path = Pods;
			sourceTree = "<group>";
		};
		E8B5867CFE00022F8AE5C24B /* Frameworks */ = {
			isa = PBXGroup;
			children = (
				DD637496EA9EB733DC90460E /* Pods_lesson_9_1.framework */,
			);
			name = Frameworks;
			sourceTree = "<group>";
		};
		FA3422CC2511F3AC005C5D49 /* Delegates */ = {
			isa = PBXGroup;
			children = (
				FA6BF3BB2511EE2C00F9EEAF /* AppDelegate.swift */,
				FA6BF3BD2511EE2C00F9EEAF /* SceneDelegate.swift */,
			);
			path = Delegates;
			sourceTree = "<group>";
		};
		FA3422CD2511F3AF005C5D49 /* Controllers */ = {
			isa = PBXGroup;
			children = (
				FA6BF3BF2511EE2C00F9EEAF /* ViewController.swift */,
			);
			path = Controllers;
			sourceTree = "<group>";
		};
		FA3422CE2511F3B3005C5D49 /* Views */ = {
			isa = PBXGroup;
			children = (
				FA6BF3C12511EE2C00F9EEAF /* Main.storyboard */,
				FA6BF3C62511EE2D00F9EEAF /* LaunchScreen.storyboard */,
			);
			path = Views;
			sourceTree = "<group>";
		};
		FA3422D12511F67D005C5D49 /* Utils */ = {
			isa = PBXGroup;
			children = (
				FA3422D22511F690005C5D49 /* SegueSwizzler.swift */,
			);
			path = Utils;
			sourceTree = "<group>";
		};
		FA6BF3AF2511EE2C00F9EEAF = {
			isa = PBXGroup;
			children = (
				FA6BF3BA2511EE2C00F9EEAF /* lesson_9_1 */,
				FA6BF3B92511EE2C00F9EEAF /* Products */,
				48974E946F4E92A9CE2EC708 /* Pods */,
				E8B5867CFE00022F8AE5C24B /* Frameworks */,
			);
			sourceTree = "<group>";
		};
		FA6BF3B92511EE2C00F9EEAF /* Products */ = {
			isa = PBXGroup;
			children = (
				FA6BF3B82511EE2C00F9EEAF /* lesson_9_1.app */,
			);
			name = Products;
			sourceTree = "<group>";
		};
		FA6BF3BA2511EE2C00F9EEAF /* lesson_9_1 */ = {
			isa = PBXGroup;
			children = (
				FA3422D12511F67D005C5D49 /* Utils */,
				FA3422CE2511F3B3005C5D49 /* Views */,
				FA3422CD2511F3AF005C5D49 /* Controllers */,
				FA3422CC2511F3AC005C5D49 /* Delegates */,
				FA6BF3C42511EE2D00F9EEAF /* Assets.xcassets */,
				FA6BF3C92511EE2D00F9EEAF /* Info.plist */,
			);
			path = lesson_9_1;
			sourceTree = "<group>";
		};
/* End PBXGroup section */

/* Begin PBXNativeTarget section */
		FA6BF3B72511EE2C00F9EEAF /* lesson_9_1 */ = {
			isa = PBXNativeTarget;
			buildConfigurationList = FA6BF3CC2511EE2D00F9EEAF /* Build configuration list for PBXNativeTarget "lesson_9_1" */;
			buildPhases = (
				F4D084A5C5BFD5C31E1A9B2F /* [CP] Check Pods Manifest.lock */,
				FA6BF3B42511EE2C00F9EEAF /* Sources */,
				FA6BF3B52511EE2C00F9EEAF /* Frameworks */,
				FA6BF3B62511EE2C00F9EEAF /* Resources */,
				88A9EA9AB4EE9D95A1449D41 /* [CP] Embed Pods Frameworks */,
				3A72D012281EFD5CD3AB906C /* [CP] Copy Pods Resources */,
			);
			buildRules = (
			);
			dependencies = (
			);
			name = lesson_9_1;
			productName = lesson_9_1;
			productReference = FA6BF3B82511EE2C00F9EEAF /* lesson_9_1.app */;
			productType = "com.apple.product-type.application";
		};
/* End PBXNativeTarget section */

/* Begin PBXProject section */
		FA6BF3B02511EE2C00F9EEAF /* Project object */ = {
			isa = PBXProject;
			attributes = {
				LastSwiftUpdateCheck = 1170;
				LastUpgradeCheck = 1170;
				ORGANIZATIONNAME = "Oleksandr Karpenko";
				TargetAttributes = {
					FA6BF3B72511EE2C00F9EEAF = {
						CreatedOnToolsVersion = 11.7;
					};
				};
			};
			buildConfigurationList = FA6BF3B32511EE2C00F9EEAF /* Build configuration list for PBXProject "lesson_9_1" */;
			compatibilityVersion = "Xcode 9.3";
			developmentRegion = en;
			hasScannedForEncodings = 0;
			knownRegions = (
				en,
				Base,
			);
			mainGroup = FA6BF3AF2511EE2C00F9EEAF;
			productRefGroup = FA6BF3B92511EE2C00F9EEAF /* Products */;
			projectDirPath = "";
			projectRoot = "";
			targets = (
				FA6BF3B72511EE2C00F9EEAF /* lesson_9_1 */,
			);
		};
/* End PBXProject section */

/* Begin PBXResourcesBuildPhase section */
		FA6BF3B62511EE2C00F9EEAF /* Resources */ = {
			isa = PBXResourcesBuildPhase;
			buildActionMask = 2147483647;
			files = (
				FA6BF3C82511EE2D00F9EEAF /* LaunchScreen.storyboard in Resources */,
				FA6BF3C52511EE2D00F9EEAF /* Assets.xcassets in Resources */,
				FA6BF3C32511EE2C00F9EEAF /* Main.storyboard in Resources */,
			);
			runOnlyForDeploymentPostprocessing = 0;
		};
/* End PBXResourcesBuildPhase section */

/* Begin PBXShellScriptBuildPhase section */
		3A72D012281EFD5CD3AB906C /* [CP] Copy Pods Resources */ = {
			isa = PBXShellScriptBuildPhase;
			buildActionMask = 2147483647;
			files = (
			);
			inputFileListPaths = (
				"${PODS_ROOT}/Target Support Files/Pods-lesson_9_1/Pods-lesson_9_1-resources-${CONFIGURATION}-input-files.xcfilelist",
			);
			name = "[CP] Copy Pods Resources";
			outputFileListPaths = (
				"${PODS_ROOT}/Target Support Files/Pods-lesson_9_1/Pods-lesson_9_1-resources-${CONFIGURATION}-output-files.xcfilelist",
			);
			runOnlyForDeploymentPostprocessing = 0;
			shellPath = /bin/sh;
			shellScript = "\"${PODS_ROOT}/Target Support Files/Pods-lesson_9_1/Pods-lesson_9_1-resources.sh\"\n";
			showEnvVarsInLog = 0;
		};
		88A9EA9AB4EE9D95A1449D41 /* [CP] Embed Pods Frameworks */ = {
			isa = PBXShellScriptBuildPhase;
			buildActionMask = 2147483647;
			files = (
			);
			inputFileListPaths = (
				"${PODS_ROOT}/Target Support Files/Pods-lesson_9_1/Pods-lesson_9_1-frameworks-${CONFIGURATION}-input-files.xcfilelist",
			);
			name = "[CP] Embed Pods Frameworks";
			outputFileListPaths = (
				"${PODS_ROOT}/Target Support Files/Pods-lesson_9_1/Pods-lesson_9_1-frameworks-${CONFIGURATION}-output-files.xcfilelist",
			);
			runOnlyForDeploymentPostprocessing = 0;
			shellPath = /bin/sh;
			shellScript = "\"${PODS_ROOT}/Target Support Files/Pods-lesson_9_1/Pods-lesson_9_1-frameworks.sh\"\n";
			showEnvVarsInLog = 0;
		};
		F4D084A5C5BFD5C31E1A9B2F /* [CP] Check Pods Manifest.lock */ = {
			isa = PBXShellScriptBuildPhase;
			buildActionMask = 2147483647;
			files = (
			);
			inputFileListPaths = (
			);
			inputPaths = (
				"${PODS_PODFILE_DIR_PATH}/Podfile.lock",
				"${PODS_ROOT}/Manifest.lock",
			);
			name = "[CP] Check Pods Manifest.lock";
			outputFileListPaths = (
			);
			outputPaths = (
				"$(DERIVED_FILE_DIR)/Pods-lesson_9_1-checkManifestLockResult.txt",
			);
			runOnlyForDeploymentPostprocessing = 0;
			shellPath = /bin/sh;
			shellScript = "diff \"${PODS_PODFILE_DIR_PATH}/Podfile.lock\" \"${PODS_ROOT}/Manifest.lock\" > /dev/null\nif [ $? != 0 ] ; then\n    # print error to STDERR\n    echo \"error: The sandbox is not in sync with the Podfile.lock. Run 'pod install' or update your CocoaPods installation.\" >&2\n    exit 1\nfi\n# This output is used by Xcode 'outputs' to avoid re-running this script phase.\necho \"SUCCESS\" > \"${SCRIPT_OUTPUT_FILE_0}\"\n";
			showEnvVarsInLog = 0;
		};
/* End PBXShellScriptBuildPhase section */

/* Begin PBXSourcesBuildPhase section */
		FA6BF3B42511EE2C00F9EEAF /* Sources */ = {
			isa = PBXSourcesBuildPhase;
			buildActionMask = 2147483647;
			files = (
				FA6BF3C02511EE2C00F9EEAF /* ViewController.swift in Sources */,
				FA6BF3BC2511EE2C00F9EEAF /* AppDelegate.swift in Sources */,
				FA3422D32511F690005C5D49 /* SegueSwizzler.swift in Sources */,
				FA6BF3BE2511EE2C00F9EEAF /* SceneDelegate.swift in Sources */,
			);
			runOnlyForDeploymentPostprocessing = 0;
		};
/* End PBXSourcesBuildPhase section */

/* Begin PBXVariantGroup section */
		FA6BF3C12511EE2C00F9EEAF /* Main.storyboard */ = {
			isa = PBXVariantGroup;
			children = (
				FA6BF3C22511EE2C00F9EEAF /* Base */,
			);
			name = Main.storyboard;
			sourceTree = "<group>";
		};
		FA6BF3C62511EE2D00F9EEAF /* LaunchScreen.storyboard */ = {
			isa = PBXVariantGroup;
			children = (
				FA6BF3C72511EE2D00F9EEAF /* Base */,
			);
			name = LaunchScreen.storyboard;
			sourceTree = "<group>";
		};
/* End PBXVariantGroup section */

/* Begin XCBuildConfiguration section */
		FA6BF3CA2511EE2D00F9EEAF /* Debug */ = {
			isa = XCBuildConfiguration;
			buildSettings = {
				ALWAYS_SEARCH_USER_PATHS = NO;
				CLANG_ANALYZER_NONNULL = YES;
				CLANG_ANALYZER_NUMBER_OBJECT_CONVERSION = YES_AGGRESSIVE;
				CLANG_CXX_LANGUAGE_STANDARD = "gnu++14";
				CLANG_CXX_LIBRARY = "libc++";
				CLANG_ENABLE_MODULES = YES;
				CLANG_ENABLE_OBJC_ARC = YES;
				CLANG_ENABLE_OBJC_WEAK = YES;
				CLANG_WARN_BLOCK_CAPTURE_AUTORELEASING = YES;
				CLANG_WARN_BOOL_CONVERSION = YES;
				CLANG_WARN_COMMA = YES;
				CLANG_WARN_CONSTANT_CONVERSION = YES;
				CLANG_WARN_DEPRECATED_OBJC_IMPLEMENTATIONS = YES;
				CLANG_WARN_DIRECT_OBJC_ISA_USAGE = YES_ERROR;
				CLANG_WARN_DOCUMENTATION_COMMENTS = YES;
				CLANG_WARN_EMPTY_BODY = YES;
				CLANG_WARN_ENUM_CONVERSION = YES;
				CLANG_WARN_INFINITE_RECURSION = YES;
				CLANG_WARN_INT_CONVERSION = YES;
				CLANG_WARN_NON_LITERAL_NULL_CONVERSION = YES;
				CLANG_WARN_OBJC_IMPLICIT_RETAIN_SELF = YES;
				CLANG_WARN_OBJC_LITERAL_CONVERSION = YES;
				CLANG_WARN_OBJC_ROOT_CLASS = YES_ERROR;
				CLANG_WARN_RANGE_LOOP_ANALYSIS = YES;
				CLANG_WARN_STRICT_PROTOTYPES = YES;
				CLANG_WARN_SUSPICIOUS_MOVE = YES;
				CLANG_WARN_UNGUARDED_AVAILABILITY = YES_AGGRESSIVE;
				CLANG_WARN_UNREACHABLE_CODE = YES;
				CLANG_WARN__DUPLICATE_METHOD_MATCH = YES;
				COPY_PHASE_STRIP = NO;
				DEBUG_INFORMATION_FORMAT = dwarf;
				ENABLE_STRICT_OBJC_MSGSEND = YES;
				ENABLE_TESTABILITY = YES;
				GCC_C_LANGUAGE_STANDARD = gnu11;
				GCC_DYNAMIC_NO_PIC = NO;
				GCC_NO_COMMON_BLOCKS = YES;
				GCC_OPTIMIZATION_LEVEL = 0;
				GCC_PREPROCESSOR_DEFINITIONS = (
					"DEBUG=1",
					"$(inherited)",
				);
				GCC_WARN_64_TO_32_BIT_CONVERSION = YES;
				GCC_WARN_ABOUT_RETURN_TYPE = YES_ERROR;
				GCC_WARN_UNDECLARED_SELECTOR = YES;
				GCC_WARN_UNINITIALIZED_AUTOS = YES_AGGRESSIVE;
				GCC_WARN_UNUSED_FUNCTION = YES;
				GCC_WARN_UNUSED_VARIABLE = YES;
				IPHONEOS_DEPLOYMENT_TARGET = 13.7;
				MTL_ENABLE_DEBUG_INFO = INCLUDE_SOURCE;
				MTL_FAST_MATH = YES;
				ONLY_ACTIVE_ARCH = YES;
				SDKROOT = iphoneos;
				SWIFT_ACTIVE_COMPILATION_CONDITIONS = DEBUG;
				SWIFT_OPTIMIZATION_LEVEL = "-Onone";
			};
			name = Debug;
		};
		FA6BF3CB2511EE2D00F9EEAF /* Release */ = {
			isa = XCBuildConfiguration;
			buildSettings = {
				ALWAYS_SEARCH_USER_PATHS = NO;
				CLANG_ANALYZER_NONNULL = YES;
				CLANG_ANALYZER_NUMBER_OBJECT_CONVERSION = YES_AGGRESSIVE;
				CLANG_CXX_LANGUAGE_STANDARD = "gnu++14";
				CLANG_CXX_LIBRARY = "libc++";
				CLANG_ENABLE_MODULES = YES;
				CLANG_ENABLE_OBJC_ARC = YES;
				CLANG_ENABLE_OBJC_WEAK = YES;
				CLANG_WARN_BLOCK_CAPTURE_AUTORELEASING = YES;
				CLANG_WARN_BOOL_CONVERSION = YES;
				CLANG_WARN_COMMA = YES;
				CLANG_WARN_CONSTANT_CONVERSION = YES;
				CLANG_WARN_DEPRECATED_OBJC_IMPLEMENTATIONS = YES;
				CLANG_WARN_DIRECT_OBJC_ISA_USAGE = YES_ERROR;
				CLANG_WARN_DOCUMENTATION_COMMENTS = YES;
				CLANG_WARN_EMPTY_BODY = YES;
				CLANG_WARN_ENUM_CONVERSION = YES;
				CLANG_WARN_INFINITE_RECURSION = YES;
				CLANG_WARN_INT_CONVERSION = YES;
				CLANG_WARN_NON_LITERAL_NULL_CONVERSION = YES;
				CLANG_WARN_OBJC_IMPLICIT_RETAIN_SELF = YES;
				CLANG_WARN_OBJC_LITERAL_CONVERSION = YES;
				CLANG_WARN_OBJC_ROOT_CLASS = YES_ERROR;
				CLANG_WARN_RANGE_LOOP_ANALYSIS = YES;
				CLANG_WARN_STRICT_PROTOTYPES = YES;
				CLANG_WARN_SUSPICIOUS_MOVE = YES;
				CLANG_WARN_UNGUARDED_AVAILABILITY = YES_AGGRESSIVE;
				CLANG_WARN_UNREACHABLE_CODE = YES;
				CLANG_WARN__DUPLICATE_METHOD_MATCH = YES;
				COPY_PHASE_STRIP = NO;
				DEBUG_INFORMATION_FORMAT = "dwarf-with-dsym";
				ENABLE_NS_ASSERTIONS = NO;
				ENABLE_STRICT_OBJC_MSGSEND = YES;
				GCC_C_LANGUAGE_STANDARD = gnu11;
				GCC_NO_COMMON_BLOCKS = YES;
				GCC_WARN_64_TO_32_BIT_CONVERSION = YES;
				GCC_WARN_ABOUT_RETURN_TYPE = YES_ERROR;
				GCC_WARN_UNDECLARED_SELECTOR = YES;
				GCC_WARN_UNINITIALIZED_AUTOS = YES_AGGRESSIVE;
				GCC_WARN_UNUSED_FUNCTION = YES;
				GCC_WARN_UNUSED_VARIABLE = YES;
				IPHONEOS_DEPLOYMENT_TARGET = 13.7;
				MTL_ENABLE_DEBUG_INFO = NO;
				MTL_FAST_MATH = YES;
				SDKROOT = iphoneos;
				SWIFT_COMPILATION_MODE = wholemodule;
				SWIFT_OPTIMIZATION_LEVEL = "-O";
				VALIDATE_PRODUCT = YES;
			};
			name = Release;
		};
		FA6BF3CD2511EE2D00F9EEAF /* Debug */ = {
			isa = XCBuildConfiguration;
			baseConfigurationReference = 991AA409C5956C7D66A4AC50 /* Pods-lesson_9_1.debug.xcconfig */;
			buildSettings = {
				ASSETCATALOG_COMPILER_APPICON_NAME = AppIcon;
				CODE_SIGN_STYLE = Automatic;
				DEVELOPMENT_TEAM = LMGHP5L64B;
				INFOPLIST_FILE = lesson_9_1/Info.plist;
				LD_RUNPATH_SEARCH_PATHS = (
					"$(inherited)",
					"@executable_path/Frameworks",
				);
				PRODUCT_BUNDLE_IDENTIFIER = "sanyakarpenko.lesson-9-1";
				PRODUCT_NAME = "$(TARGET_NAME)";
				SWIFT_VERSION = 5.0;
				TARGETED_DEVICE_FAMILY = "1,2";
			};
			name = Debug;
		};
		FA6BF3CE2511EE2D00F9EEAF /* Release */ = {
			isa = XCBuildConfiguration;
			baseConfigurationReference = B914A38DBC14D8DDA2AF5CD2 /* Pods-lesson_9_1.release.xcconfig */;
			buildSettings = {
				ASSETCATALOG_COMPILER_APPICON_NAME = AppIcon;
				CODE_SIGN_STYLE = Automatic;
				DEVELOPMENT_TEAM = LMGHP5L64B;
				INFOPLIST_FILE = lesson_9_1/Info.plist;
				LD_RUNPATH_SEARCH_PATHS = (
					"$(inherited)",
					"@executable_path/Frameworks",
				);
				PRODUCT_BUNDLE_IDENTIFIER = "sanyakarpenko.lesson-9-1";
				PRODUCT_NAME = "$(TARGET_NAME)";
				SWIFT_VERSION = 5.0;
				TARGETED_DEVICE_FAMILY = "1,2";
			};
			name = Release;
		};
/* End XCBuildConfiguration section */

/* Begin XCConfigurationList section */
		FA6BF3B32511EE2C00F9EEAF /* Build configuration list for PBXProject "lesson_9_1" */ = {
			isa = XCConfigurationList;
			buildConfigurations = (
				FA6BF3CA2511EE2D00F9EEAF /* Debug */,
				FA6BF3CB2511EE2D00F9EEAF /* Release */,
			);
			defaultConfigurationIsVisible = 0;
			defaultConfigurationName = Release;
		};
		FA6BF3CC2511EE2D00F9EEAF /* Build configuration list for PBXNativeTarget "lesson_9_1" */ = {
			isa = XCConfigurationList;
			buildConfigurations = (
				FA6BF3CD2511EE2D00F9EEAF /* Debug */,
				FA6BF3CE2511EE2D00F9EEAF /* Release */,
			);
			defaultConfigurationIsVisible = 0;
			defaultConfigurationName = Release;
		};
/* End XCConfigurationList section */
	};
	rootObject = FA6BF3B02511EE2C00F9EEAF /* Project object */;
}
