// !$*UTF8*$!
{
	archiveVersion = 1;
	classes = {
	};
	objectVersion = 51;
	objects = {

/* Begin PBXBuildFile section */
		75DF471BDF67084AC1027C76 /* Pods_lesson_11.framework in Frameworks */ = {isa = PBXBuildFile; fileRef = DE69464D41E1F6B3834AEB30 /* Pods_lesson_11.framework */; };
		FAB185142514E71600016074 /* User.swift in Sources */ = {isa = PBXBuildFile; fileRef = FAB185132514E71600016074 /* User.swift */; };
		FAB185192514EB1300016074 /* UserViewController.swift in Sources */ = {isa = PBXBuildFile; fileRef = FAB185182514EB1300016074 /* UserViewController.swift */; };
		FAE3679B2514D99800FBF772 /* AppDelegate.swift in Sources */ = {isa = PBXBuildFile; fileRef = FAE3679A2514D99800FBF772 /* AppDelegate.swift */; };
		FAE3679D2514D99800FBF772 /* SceneDelegate.swift in Sources */ = {isa = PBXBuildFile; fileRef = FAE3679C2514D99800FBF772 /* SceneDelegate.swift */; };
		FAE3679F2514D99800FBF772 /* LoginViewController.swift in Sources */ = {isa = PBXBuildFile; fileRef = FAE3679E2514D99800FBF772 /* LoginViewController.swift */; };
		FAE367A22514D99800FBF772 /* Main.storyboard in Resources */ = {isa = PBXBuildFile; fileRef = FAE367A02514D99800FBF772 /* Main.storyboard */; };
		FAE367A42514D99A00FBF772 /* Assets.xcassets in Resources */ = {isa = PBXBuildFile; fileRef = FAE367A32514D99A00FBF772 /* Assets.xcassets */; };
		FAE367A72514D99A00FBF772 /* LaunchScreen.storyboard in Resources */ = {isa = PBXBuildFile; fileRef = FAE367A52514D99A00FBF772 /* LaunchScreen.storyboard */; };
		FAE367B22514D99A00FBF772 /* lesson_11Tests.swift in Sources */ = {isa = PBXBuildFile; fileRef = FAE367B12514D99A00FBF772 /* lesson_11Tests.swift */; };
		FAE367BD2514D99A00FBF772 /* lesson_11UITests.swift in Sources */ = {isa = PBXBuildFile; fileRef = FAE367BC2514D99A00FBF772 /* lesson_11UITests.swift */; };
/* End PBXBuildFile section */

/* Begin PBXContainerItemProxy section */
		FAE367AE2514D99A00FBF772 /* PBXContainerItemProxy */ = {
			isa = PBXContainerItemProxy;
			containerPortal = FAE3678F2514D99800FBF772 /* Project object */;
			proxyType = 1;
			remoteGlobalIDString = FAE367962514D99800FBF772;
			remoteInfo = lesson_11;
		};
		FAE367B92514D99A00FBF772 /* PBXContainerItemProxy */ = {
			isa = PBXContainerItemProxy;
			containerPortal = FAE3678F2514D99800FBF772 /* Project object */;
			proxyType = 1;
			remoteGlobalIDString = FAE367962514D99800FBF772;
			remoteInfo = lesson_11;
		};
/* End PBXContainerItemProxy section */

/* Begin PBXFileReference section */
		09A61D3C8240F88C2DEE4112 /* Pods-lesson_11.release.xcconfig */ = {isa = PBXFileReference; includeInIndex = 1; lastKnownFileType = text.xcconfig; name = "Pods-lesson_11.release.xcconfig"; path = "Target Support Files/Pods-lesson_11/Pods-lesson_11.release.xcconfig"; sourceTree = "<group>"; };
		20C982D69B33BE59E840ED75 /* Pods-lesson_11.debug.xcconfig */ = {isa = PBXFileReference; includeInIndex = 1; lastKnownFileType = text.xcconfig; name = "Pods-lesson_11.debug.xcconfig"; path = "Target Support Files/Pods-lesson_11/Pods-lesson_11.debug.xcconfig"; sourceTree = "<group>"; };
		DE69464D41E1F6B3834AEB30 /* Pods_lesson_11.framework */ = {isa = PBXFileReference; explicitFileType = wrapper.framework; includeInIndex = 0; path = Pods_lesson_11.framework; sourceTree = BUILT_PRODUCTS_DIR; };
		FAB185132514E71600016074 /* User.swift */ = {isa = PBXFileReference; lastKnownFileType = sourcecode.swift; path = User.swift; sourceTree = "<group>"; };
		FAB185182514EB1300016074 /* UserViewController.swift */ = {isa = PBXFileReference; lastKnownFileType = sourcecode.swift; path = UserViewController.swift; sourceTree = "<group>"; };
		FAE367972514D99800FBF772 /* lesson_11.app */ = {isa = PBXFileReference; explicitFileType = wrapper.application; includeInIndex = 0; path = lesson_11.app; sourceTree = BUILT_PRODUCTS_DIR; };
		FAE3679A2514D99800FBF772 /* AppDelegate.swift */ = {isa = PBXFileReference; lastKnownFileType = sourcecode.swift; path = AppDelegate.swift; sourceTree = "<group>"; };
		FAE3679C2514D99800FBF772 /* SceneDelegate.swift */ = {isa = PBXFileReference; lastKnownFileType = sourcecode.swift; path = SceneDelegate.swift; sourceTree = "<group>"; };
		FAE3679E2514D99800FBF772 /* LoginViewController.swift */ = {isa = PBXFileReference; lastKnownFileType = sourcecode.swift; path = LoginViewController.swift; sourceTree = "<group>"; };
		FAE367A12514D99800FBF772 /* Base */ = {isa = PBXFileReference; lastKnownFileType = file.storyboard; name = Base; path = Base.lproj/Main.storyboard; sourceTree = "<group>"; };
		FAE367A32514D99A00FBF772 /* Assets.xcassets */ = {isa = PBXFileReference; lastKnownFileType = folder.assetcatalog; path = Assets.xcassets; sourceTree = "<group>"; };
		FAE367A62514D99A00FBF772 /* Base */ = {isa = PBXFileReference; lastKnownFileType = file.storyboard; name = Base; path = Base.lproj/LaunchScreen.storyboard; sourceTree = "<group>"; };
		FAE367A82514D99A00FBF772 /* Info.plist */ = {isa = PBXFileReference; lastKnownFileType = text.plist.xml; path = Info.plist; sourceTree = "<group>"; };
		FAE367AD2514D99A00FBF772 /* lesson_11Tests.xctest */ = {isa = PBXFileReference; explicitFileType = wrapper.cfbundle; includeInIndex = 0; path = lesson_11Tests.xctest; sourceTree = BUILT_PRODUCTS_DIR; };
		FAE367B12514D99A00FBF772 /* lesson_11Tests.swift */ = {isa = PBXFileReference; lastKnownFileType = sourcecode.swift; path = lesson_11Tests.swift; sourceTree = "<group>"; };
		FAE367B32514D99A00FBF772 /* Info.plist */ = {isa = PBXFileReference; lastKnownFileType = text.plist.xml; path = Info.plist; sourceTree = "<group>"; };
		FAE367B82514D99A00FBF772 /* lesson_11UITests.xctest */ = {isa = PBXFileReference; explicitFileType = wrapper.cfbundle; includeInIndex = 0; path = lesson_11UITests.xctest; sourceTree = BUILT_PRODUCTS_DIR; };
		FAE367BC2514D99A00FBF772 /* lesson_11UITests.swift */ = {isa = PBXFileReference; lastKnownFileType = sourcecode.swift; path = lesson_11UITests.swift; sourceTree = "<group>"; };
		FAE367BE2514D99A00FBF772 /* Info.plist */ = {isa = PBXFileReference; lastKnownFileType = text.plist.xml; path = Info.plist; sourceTree = "<group>"; };
/* End PBXFileReference section */

/* Begin PBXFrameworksBuildPhase section */
		FAE367942514D99800FBF772 /* Frameworks */ = {
			isa = PBXFrameworksBuildPhase;
			buildActionMask = 2147483647;
			files = (
				75DF471BDF67084AC1027C76 /* Pods_lesson_11.framework in Frameworks */,
			);
			runOnlyForDeploymentPostprocessing = 0;
		};
		FAE367AA2514D99A00FBF772 /* Frameworks */ = {
			isa = PBXFrameworksBuildPhase;
			buildActionMask = 2147483647;
			files = (
			);
			runOnlyForDeploymentPostprocessing = 0;
		};
		FAE367B52514D99A00FBF772 /* Frameworks */ = {
			isa = PBXFrameworksBuildPhase;
			buildActionMask = 2147483647;
			files = (
			);
			runOnlyForDeploymentPostprocessing = 0;
		};
/* End PBXFrameworksBuildPhase section */

/* Begin PBXGroup section */
		9E0991A272F7B7F75B95B033 /* Frameworks */ = {
			isa = PBXGroup;
			children = (
				DE69464D41E1F6B3834AEB30 /* Pods_lesson_11.framework */,
			);
			name = Frameworks;
			sourceTree = "<group>";
		};
		A5803C15E1D33F6ABF1FDB21 /* Pods */ = {
			isa = PBXGroup;
			children = (
				20C982D69B33BE59E840ED75 /* Pods-lesson_11.debug.xcconfig */,
				09A61D3C8240F88C2DEE4112 /* Pods-lesson_11.release.xcconfig */,
			);
			path = Pods;
			sourceTree = "<group>";
		};
		FAB185122514E70600016074 /* Models */ = {
			isa = PBXGroup;
			children = (
				FAB185132514E71600016074 /* User.swift */,
			);
			path = Models;
			sourceTree = "<group>";
		};
		FAE3678E2514D99800FBF772 = {
			isa = PBXGroup;
			children = (
				FAE367992514D99800FBF772 /* lesson_11 */,
				FAE367B02514D99A00FBF772 /* lesson_11Tests */,
				FAE367BB2514D99A00FBF772 /* lesson_11UITests */,
				FAE367982514D99800FBF772 /* Products */,
				A5803C15E1D33F6ABF1FDB21 /* Pods */,
				9E0991A272F7B7F75B95B033 /* Frameworks */,
			);
			sourceTree = "<group>";
		};
		FAE367982514D99800FBF772 /* Products */ = {
			isa = PBXGroup;
			children = (
				FAE367972514D99800FBF772 /* lesson_11.app */,
				FAE367AD2514D99A00FBF772 /* lesson_11Tests.xctest */,
				FAE367B82514D99A00FBF772 /* lesson_11UITests.xctest */,
			);
			name = Products;
			sourceTree = "<group>";
		};
		FAE367992514D99800FBF772 /* lesson_11 */ = {
			isa = PBXGroup;
			children = (
				FAB185122514E70600016074 /* Models */,
				FAE367CF2514D9D400FBF772 /* Views */,
				FAE367CE2514D9CF00FBF772 /* Controllers */,
				FAE367CD2514D9CB00FBF772 /* Delegates */,
				FAE367A32514D99A00FBF772 /* Assets.xcassets */,
				FAE367A82514D99A00FBF772 /* Info.plist */,
			);
			path = lesson_11;
			sourceTree = "<group>";
		};
		FAE367B02514D99A00FBF772 /* lesson_11Tests */ = {
			isa = PBXGroup;
			children = (
				FAE367B12514D99A00FBF772 /* lesson_11Tests.swift */,
				FAE367B32514D99A00FBF772 /* Info.plist */,
			);
			path = lesson_11Tests;
			sourceTree = "<group>";
		};
		FAE367BB2514D99A00FBF772 /* lesson_11UITests */ = {
			isa = PBXGroup;
			children = (
				FAE367BC2514D99A00FBF772 /* lesson_11UITests.swift */,
				FAE367BE2514D99A00FBF772 /* Info.plist */,
			);
			path = lesson_11UITests;
			sourceTree = "<group>";
		};
		FAE367CD2514D9CB00FBF772 /* Delegates */ = {
			isa = PBXGroup;
			children = (
				FAE3679A2514D99800FBF772 /* AppDelegate.swift */,
				FAE3679C2514D99800FBF772 /* SceneDelegate.swift */,
			);
			path = Delegates;
			sourceTree = "<group>";
		};
		FAE367CE2514D9CF00FBF772 /* Controllers */ = {
			isa = PBXGroup;
			children = (
				FAE3679E2514D99800FBF772 /* LoginViewController.swift */,
				FAB185182514EB1300016074 /* UserViewController.swift */,
			);
			path = Controllers;
			sourceTree = "<group>";
		};
		FAE367CF2514D9D400FBF772 /* Views */ = {
			isa = PBXGroup;
			children = (
				FAE367A02514D99800FBF772 /* Main.storyboard */,
				FAE367A52514D99A00FBF772 /* LaunchScreen.storyboard */,
			);
			path = Views;
			sourceTree = "<group>";
		};
/* End PBXGroup section */

/* Begin PBXNativeTarget section */
		FAE367962514D99800FBF772 /* lesson_11 */ = {
			isa = PBXNativeTarget;
			buildConfigurationList = FAE367C12514D99A00FBF772 /* Build configuration list for PBXNativeTarget "lesson_11" */;
			buildPhases = (
				DB20FF53671FC3F130513FF4 /* [CP] Check Pods Manifest.lock */,
				FAE367932514D99800FBF772 /* Sources */,
				FAE367942514D99800FBF772 /* Frameworks */,
				FAE367952514D99800FBF772 /* Resources */,
				67ACF9033283396D4CF7BA23 /* [CP] Embed Pods Frameworks */,
			);
			buildRules = (
			);
			dependencies = (
			);
			name = lesson_11;
			productName = lesson_11;
			productReference = FAE367972514D99800FBF772 /* lesson_11.app */;
			productType = "com.apple.product-type.application";
		};
		FAE367AC2514D99A00FBF772 /* lesson_11Tests */ = {
			isa = PBXNativeTarget;
			buildConfigurationList = FAE367C42514D99A00FBF772 /* Build configuration list for PBXNativeTarget "lesson_11Tests" */;
			buildPhases = (
				FAE367A92514D99A00FBF772 /* Sources */,
				FAE367AA2514D99A00FBF772 /* Frameworks */,
				FAE367AB2514D99A00FBF772 /* Resources */,
			);
			buildRules = (
			);
			dependencies = (
				FAE367AF2514D99A00FBF772 /* PBXTargetDependency */,
			);
			name = lesson_11Tests;
			productName = lesson_11Tests;
			productReference = FAE367AD2514D99A00FBF772 /* lesson_11Tests.xctest */;
			productType = "com.apple.product-type.bundle.unit-test";
		};
		FAE367B72514D99A00FBF772 /* lesson_11UITests */ = {
			isa = PBXNativeTarget;
			buildConfigurationList = FAE367C72514D99A00FBF772 /* Build configuration list for PBXNativeTarget "lesson_11UITests" */;
			buildPhases = (
				FAE367B42514D99A00FBF772 /* Sources */,
				FAE367B52514D99A00FBF772 /* Frameworks */,
				FAE367B62514D99A00FBF772 /* Resources */,
			);
			buildRules = (
			);
			dependencies = (
				FAE367BA2514D99A00FBF772 /* PBXTargetDependency */,
			);
			name = lesson_11UITests;
			productName = lesson_11UITests;
			productReference = FAE367B82514D99A00FBF772 /* lesson_11UITests.xctest */;
			productType = "com.apple.product-type.bundle.ui-testing";
		};
/* End PBXNativeTarget section */

/* Begin PBXProject section */
		FAE3678F2514D99800FBF772 /* Project object */ = {
			isa = PBXProject;
			attributes = {
				LastSwiftUpdateCheck = 1200;
				LastUpgradeCheck = 1200;
				TargetAttributes = {
					FAE367962514D99800FBF772 = {
						CreatedOnToolsVersion = 12.0;
					};
					FAE367AC2514D99A00FBF772 = {
						CreatedOnToolsVersion = 12.0;
						TestTargetID = FAE367962514D99800FBF772;
					};
					FAE367B72514D99A00FBF772 = {
						CreatedOnToolsVersion = 12.0;
						TestTargetID = FAE367962514D99800FBF772;
					};
				};
			};
			buildConfigurationList = FAE367922514D99800FBF772 /* Build configuration list for PBXProject "lesson_11" */;
			compatibilityVersion = "Xcode 9.3";
			developmentRegion = en;
			hasScannedForEncodings = 0;
			knownRegions = (
				en,
				Base,
			);
			mainGroup = FAE3678E2514D99800FBF772;
			productRefGroup = FAE367982514D99800FBF772 /* Products */;
			projectDirPath = "";
			projectRoot = "";
			targets = (
				FAE367962514D99800FBF772 /* lesson_11 */,
				FAE367AC2514D99A00FBF772 /* lesson_11Tests */,
				FAE367B72514D99A00FBF772 /* lesson_11UITests */,
			);
		};
/* End PBXProject section */

/* Begin PBXResourcesBuildPhase section */
		FAE367952514D99800FBF772 /* Resources */ = {
			isa = PBXResourcesBuildPhase;
			buildActionMask = 2147483647;
			files = (
				FAE367A72514D99A00FBF772 /* LaunchScreen.storyboard in Resources */,
				FAE367A42514D99A00FBF772 /* Assets.xcassets in Resources */,
				FAE367A22514D99800FBF772 /* Main.storyboard in Resources */,
			);
			runOnlyForDeploymentPostprocessing = 0;
		};
		FAE367AB2514D99A00FBF772 /* Resources */ = {
			isa = PBXResourcesBuildPhase;
			buildActionMask = 2147483647;
			files = (
			);
			runOnlyForDeploymentPostprocessing = 0;
		};
		FAE367B62514D99A00FBF772 /* Resources */ = {
			isa = PBXResourcesBuildPhase;
			buildActionMask = 2147483647;
			files = (
			);
			runOnlyForDeploymentPostprocessing = 0;
		};
/* End PBXResourcesBuildPhase section */

/* Begin PBXShellScriptBuildPhase section */
		67ACF9033283396D4CF7BA23 /* [CP] Embed Pods Frameworks */ = {
			isa = PBXShellScriptBuildPhase;
			buildActionMask = 2147483647;
			files = (
			);
			inputFileListPaths = (
				"${PODS_ROOT}/Target Support Files/Pods-lesson_11/Pods-lesson_11-frameworks-${CONFIGURATION}-input-files.xcfilelist",
			);
			name = "[CP] Embed Pods Frameworks";
			outputFileListPaths = (
				"${PODS_ROOT}/Target Support Files/Pods-lesson_11/Pods-lesson_11-frameworks-${CONFIGURATION}-output-files.xcfilelist",
			);
			runOnlyForDeploymentPostprocessing = 0;
			shellPath = /bin/sh;
			shellScript = "\"${PODS_ROOT}/Target Support Files/Pods-lesson_11/Pods-lesson_11-frameworks.sh\"\n";
			showEnvVarsInLog = 0;
		};
		DB20FF53671FC3F130513FF4 /* [CP] Check Pods Manifest.lock */ = {
			isa = PBXShellScriptBuildPhase;
			buildActionMask = 2147483647;
			files = (
			);
			inputFileListPaths = (
			);
			inputPaths = (
				"${PODS_PODFILE_DIR_PATH}/Podfile.lock",
				"${PODS_ROOT}/Manifest.lock",
			);
			name = "[CP] Check Pods Manifest.lock";
			outputFileListPaths = (
			);
			outputPaths = (
				"$(DERIVED_FILE_DIR)/Pods-lesson_11-checkManifestLockResult.txt",
			);
			runOnlyForDeploymentPostprocessing = 0;
			shellPath = /bin/sh;
			shellScript = "diff \"${PODS_PODFILE_DIR_PATH}/Podfile.lock\" \"${PODS_ROOT}/Manifest.lock\" > /dev/null\nif [ $? != 0 ] ; then\n    # print error to STDERR\n    echo \"error: The sandbox is not in sync with the Podfile.lock. Run 'pod install' or update your CocoaPods installation.\" >&2\n    exit 1\nfi\n# This output is used by Xcode 'outputs' to avoid re-running this script phase.\necho \"SUCCESS\" > \"${SCRIPT_OUTPUT_FILE_0}\"\n";
			showEnvVarsInLog = 0;
		};
/* End PBXShellScriptBuildPhase section */

/* Begin PBXSourcesBuildPhase section */
		FAE367932514D99800FBF772 /* Sources */ = {
			isa = PBXSourcesBuildPhase;
			buildActionMask = 2147483647;
			files = (
				FAB185142514E71600016074 /* User.swift in Sources */,
				FAB185192514EB1300016074 /* UserViewController.swift in Sources */,
				FAE3679F2514D99800FBF772 /* LoginViewController.swift in Sources */,
				FAE3679B2514D99800FBF772 /* AppDelegate.swift in Sources */,
				FAE3679D2514D99800FBF772 /* SceneDelegate.swift in Sources */,
			);
			runOnlyForDeploymentPostprocessing = 0;
		};
		FAE367A92514D99A00FBF772 /* Sources */ = {
			isa = PBXSourcesBuildPhase;
			buildActionMask = 2147483647;
			files = (
				FAE367B22514D99A00FBF772 /* lesson_11Tests.swift in Sources */,
			);
			runOnlyForDeploymentPostprocessing = 0;
		};
		FAE367B42514D99A00FBF772 /* Sources */ = {
			isa = PBXSourcesBuildPhase;
			buildActionMask = 2147483647;
			files = (
				FAE367BD2514D99A00FBF772 /* lesson_11UITests.swift in Sources */,
			);
			runOnlyForDeploymentPostprocessing = 0;
		};
/* End PBXSourcesBuildPhase section */

/* Begin PBXTargetDependency section */
		FAE367AF2514D99A00FBF772 /* PBXTargetDependency */ = {
			isa = PBXTargetDependency;
			target = FAE367962514D99800FBF772 /* lesson_11 */;
			targetProxy = FAE367AE2514D99A00FBF772 /* PBXContainerItemProxy */;
		};
		FAE367BA2514D99A00FBF772 /* PBXTargetDependency */ = {
			isa = PBXTargetDependency;
			target = FAE367962514D99800FBF772 /* lesson_11 */;
			targetProxy = FAE367B92514D99A00FBF772 /* PBXContainerItemProxy */;
		};
/* End PBXTargetDependency section */

/* Begin PBXVariantGroup section */
		FAE367A02514D99800FBF772 /* Main.storyboard */ = {
			isa = PBXVariantGroup;
			children = (
				FAE367A12514D99800FBF772 /* Base */,
			);
			name = Main.storyboard;
			sourceTree = "<group>";
		};
		FAE367A52514D99A00FBF772 /* LaunchScreen.storyboard */ = {
			isa = PBXVariantGroup;
			children = (
				FAE367A62514D99A00FBF772 /* Base */,
			);
			name = LaunchScreen.storyboard;
			sourceTree = "<group>";
		};
/* End PBXVariantGroup section */

/* Begin XCBuildConfiguration section */
		FAE367BF2514D99A00FBF772 /* Debug */ = {
			isa = XCBuildConfiguration;
			buildSettings = {
				ALWAYS_SEARCH_USER_PATHS = NO;
				CLANG_ANALYZER_NONNULL = YES;
				CLANG_ANALYZER_NUMBER_OBJECT_CONVERSION = YES_AGGRESSIVE;
				CLANG_CXX_LANGUAGE_STANDARD = "gnu++14";
				CLANG_CXX_LIBRARY = "libc++";
				CLANG_ENABLE_MODULES = YES;
				CLANG_ENABLE_OBJC_ARC = YES;
				CLANG_ENABLE_OBJC_WEAK = YES;
				CLANG_WARN_BLOCK_CAPTURE_AUTORELEASING = YES;
				CLANG_WARN_BOOL_CONVERSION = YES;
				CLANG_WARN_COMMA = YES;
				CLANG_WARN_CONSTANT_CONVERSION = YES;
				CLANG_WARN_DEPRECATED_OBJC_IMPLEMENTATIONS = YES;
				CLANG_WARN_DIRECT_OBJC_ISA_USAGE = YES_ERROR;
				CLANG_WARN_DOCUMENTATION_COMMENTS = YES;
				CLANG_WARN_EMPTY_BODY = YES;
				CLANG_WARN_ENUM_CONVERSION = YES;
				CLANG_WARN_INFINITE_RECURSION = YES;
				CLANG_WARN_INT_CONVERSION = YES;
				CLANG_WARN_NON_LITERAL_NULL_CONVERSION = YES;
				CLANG_WARN_OBJC_IMPLICIT_RETAIN_SELF = YES;
				CLANG_WARN_OBJC_LITERAL_CONVERSION = YES;
				CLANG_WARN_OBJC_ROOT_CLASS = YES_ERROR;
				CLANG_WARN_QUOTED_INCLUDE_IN_FRAMEWORK_HEADER = YES;
				CLANG_WARN_RANGE_LOOP_ANALYSIS = YES;
				CLANG_WARN_STRICT_PROTOTYPES = YES;
				CLANG_WARN_SUSPICIOUS_MOVE = YES;
				CLANG_WARN_UNGUARDED_AVAILABILITY = YES_AGGRESSIVE;
				CLANG_WARN_UNREACHABLE_CODE = YES;
				CLANG_WARN__DUPLICATE_METHOD_MATCH = YES;
				COPY_PHASE_STRIP = NO;
				DEBUG_INFORMATION_FORMAT = dwarf;
				ENABLE_STRICT_OBJC_MSGSEND = YES;
				ENABLE_TESTABILITY = YES;
				GCC_C_LANGUAGE_STANDARD = gnu11;
				GCC_DYNAMIC_NO_PIC = NO;
				GCC_NO_COMMON_BLOCKS = YES;
				GCC_OPTIMIZATION_LEVEL = 0;
				GCC_PREPROCESSOR_DEFINITIONS = (
					"DEBUG=1",
					"$(inherited)",
				);
				GCC_WARN_64_TO_32_BIT_CONVERSION = YES;
				GCC_WARN_ABOUT_RETURN_TYPE = YES_ERROR;
				GCC_WARN_UNDECLARED_SELECTOR = YES;
				GCC_WARN_UNINITIALIZED_AUTOS = YES_AGGRESSIVE;
				GCC_WARN_UNUSED_FUNCTION = YES;
				GCC_WARN_UNUSED_VARIABLE = YES;
				IPHONEOS_DEPLOYMENT_TARGET = 13.1;
				MTL_ENABLE_DEBUG_INFO = INCLUDE_SOURCE;
				MTL_FAST_MATH = YES;
				ONLY_ACTIVE_ARCH = YES;
				SDKROOT = iphoneos;
				SWIFT_ACTIVE_COMPILATION_CONDITIONS = DEBUG;
				SWIFT_OPTIMIZATION_LEVEL = "-Onone";
			};
			name = Debug;
		};
		FAE367C02514D99A00FBF772 /* Release */ = {
			isa = XCBuildConfiguration;
			buildSettings = {
				ALWAYS_SEARCH_USER_PATHS = NO;
				CLANG_ANALYZER_NONNULL = YES;
				CLANG_ANALYZER_NUMBER_OBJECT_CONVERSION = YES_AGGRESSIVE;
				CLANG_CXX_LANGUAGE_STANDARD = "gnu++14";
				CLANG_CXX_LIBRARY = "libc++";
				CLANG_ENABLE_MODULES = YES;
				CLANG_ENABLE_OBJC_ARC = YES;
				CLANG_ENABLE_OBJC_WEAK = YES;
				CLANG_WARN_BLOCK_CAPTURE_AUTORELEASING = YES;
				CLANG_WARN_BOOL_CONVERSION = YES;
				CLANG_WARN_COMMA = YES;
				CLANG_WARN_CONSTANT_CONVERSION = YES;
				CLANG_WARN_DEPRECATED_OBJC_IMPLEMENTATIONS = YES;
				CLANG_WARN_DIRECT_OBJC_ISA_USAGE = YES_ERROR;
				CLANG_WARN_DOCUMENTATION_COMMENTS = YES;
				CLANG_WARN_EMPTY_BODY = YES;
				CLANG_WARN_ENUM_CONVERSION = YES;
				CLANG_WARN_INFINITE_RECURSION = YES;
				CLANG_WARN_INT_CONVERSION = YES;
				CLANG_WARN_NON_LITERAL_NULL_CONVERSION = YES;
				CLANG_WARN_OBJC_IMPLICIT_RETAIN_SELF = YES;
				CLANG_WARN_OBJC_LITERAL_CONVERSION = YES;
				CLANG_WARN_OBJC_ROOT_CLASS = YES_ERROR;
				CLANG_WARN_QUOTED_INCLUDE_IN_FRAMEWORK_HEADER = YES;
				CLANG_WARN_RANGE_LOOP_ANALYSIS = YES;
				CLANG_WARN_STRICT_PROTOTYPES = YES;
				CLANG_WARN_SUSPICIOUS_MOVE = YES;
				CLANG_WARN_UNGUARDED_AVAILABILITY = YES_AGGRESSIVE;
				CLANG_WARN_UNREACHABLE_CODE = YES;
				CLANG_WARN__DUPLICATE_METHOD_MATCH = YES;
				COPY_PHASE_STRIP = NO;
				DEBUG_INFORMATION_FORMAT = "dwarf-with-dsym";
				ENABLE_NS_ASSERTIONS = NO;
				ENABLE_STRICT_OBJC_MSGSEND = YES;
				GCC_C_LANGUAGE_STANDARD = gnu11;
				GCC_NO_COMMON_BLOCKS = YES;
				GCC_WARN_64_TO_32_BIT_CONVERSION = YES;
				GCC_WARN_ABOUT_RETURN_TYPE = YES_ERROR;
				GCC_WARN_UNDECLARED_SELECTOR = YES;
				GCC_WARN_UNINITIALIZED_AUTOS = YES_AGGRESSIVE;
				GCC_WARN_UNUSED_FUNCTION = YES;
				GCC_WARN_UNUSED_VARIABLE = YES;
				IPHONEOS_DEPLOYMENT_TARGET = 13.1;
				MTL_ENABLE_DEBUG_INFO = NO;
				MTL_FAST_MATH = YES;
				SDKROOT = iphoneos;
				SWIFT_COMPILATION_MODE = wholemodule;
				SWIFT_OPTIMIZATION_LEVEL = "-O";
				VALIDATE_PRODUCT = YES;
			};
			name = Release;
		};
		FAE367C22514D99A00FBF772 /* Debug */ = {
			isa = XCBuildConfiguration;
			baseConfigurationReference = 20C982D69B33BE59E840ED75 /* Pods-lesson_11.debug.xcconfig */;
			buildSettings = {
				ASSETCATALOG_COMPILER_APPICON_NAME = AppIcon;
				ASSETCATALOG_COMPILER_GLOBAL_ACCENT_COLOR_NAME = AccentColor;
				CODE_SIGN_STYLE = Automatic;
				DEVELOPMENT_TEAM = LMGHP5L64B;
				INFOPLIST_FILE = lesson_11/Info.plist;
				IPHONEOS_DEPLOYMENT_TARGET = 13.1;
				LD_RUNPATH_SEARCH_PATHS = (
					"$(inherited)",
					"@executable_path/Frameworks",
				);
				PRODUCT_BUNDLE_IDENTIFIER = "sanyakarpenko.lesson-11";
				PRODUCT_NAME = "$(TARGET_NAME)";
				SWIFT_VERSION = 5.0;
				TARGETED_DEVICE_FAMILY = "1,2";
			};
			name = Debug;
		};
		FAE367C32514D99A00FBF772 /* Release */ = {
			isa = XCBuildConfiguration;
			baseConfigurationReference = 09A61D3C8240F88C2DEE4112 /* Pods-lesson_11.release.xcconfig */;
			buildSettings = {
				ASSETCATALOG_COMPILER_APPICON_NAME = AppIcon;
				ASSETCATALOG_COMPILER_GLOBAL_ACCENT_COLOR_NAME = AccentColor;
				CODE_SIGN_STYLE = Automatic;
				DEVELOPMENT_TEAM = LMGHP5L64B;
				INFOPLIST_FILE = lesson_11/Info.plist;
				IPHONEOS_DEPLOYMENT_TARGET = 13.1;
				LD_RUNPATH_SEARCH_PATHS = (
					"$(inherited)",
					"@executable_path/Frameworks",
				);
				PRODUCT_BUNDLE_IDENTIFIER = "sanyakarpenko.lesson-11";
				PRODUCT_NAME = "$(TARGET_NAME)";
				SWIFT_VERSION = 5.0;
				TARGETED_DEVICE_FAMILY = "1,2";
			};
			name = Release;
		};
		FAE367C52514D99A00FBF772 /* Debug */ = {
			isa = XCBuildConfiguration;
			buildSettings = {
				ALWAYS_EMBED_SWIFT_STANDARD_LIBRARIES = YES;
				BUNDLE_LOADER = "$(TEST_HOST)";
				CODE_SIGN_STYLE = Automatic;
				DEVELOPMENT_TEAM = LMGHP5L64B;
				INFOPLIST_FILE = lesson_11Tests/Info.plist;
				IPHONEOS_DEPLOYMENT_TARGET = 13.1;
				LD_RUNPATH_SEARCH_PATHS = (
					"$(inherited)",
					"@executable_path/Frameworks",
					"@loader_path/Frameworks",
				);
				PRODUCT_BUNDLE_IDENTIFIER = "sanyakarpenko.lesson-11Tests";
				PRODUCT_NAME = "$(TARGET_NAME)";
				SWIFT_VERSION = 5.0;
				TARGETED_DEVICE_FAMILY = "1,2";
				TEST_HOST = "$(BUILT_PRODUCTS_DIR)/lesson_11.app/lesson_11";
			};
			name = Debug;
		};
		FAE367C62514D99A00FBF772 /* Release */ = {
			isa = XCBuildConfiguration;
			buildSettings = {
				ALWAYS_EMBED_SWIFT_STANDARD_LIBRARIES = YES;
				BUNDLE_LOADER = "$(TEST_HOST)";
				CODE_SIGN_STYLE = Automatic;
				DEVELOPMENT_TEAM = LMGHP5L64B;
				INFOPLIST_FILE = lesson_11Tests/Info.plist;
				IPHONEOS_DEPLOYMENT_TARGET = 13.1;
				LD_RUNPATH_SEARCH_PATHS = (
					"$(inherited)",
					"@executable_path/Frameworks",
					"@loader_path/Frameworks",
				);
				PRODUCT_BUNDLE_IDENTIFIER = "sanyakarpenko.lesson-11Tests";
				PRODUCT_NAME = "$(TARGET_NAME)";
				SWIFT_VERSION = 5.0;
				TARGETED_DEVICE_FAMILY = "1,2";
				TEST_HOST = "$(BUILT_PRODUCTS_DIR)/lesson_11.app/lesson_11";
			};
			name = Release;
		};
		FAE367C82514D99A00FBF772 /* Debug */ = {
			isa = XCBuildConfiguration;
			buildSettings = {
				ALWAYS_EMBED_SWIFT_STANDARD_LIBRARIES = YES;
				CODE_SIGN_STYLE = Automatic;
				DEVELOPMENT_TEAM = LMGHP5L64B;
				INFOPLIST_FILE = lesson_11UITests/Info.plist;
				IPHONEOS_DEPLOYMENT_TARGET = 13.1;
				LD_RUNPATH_SEARCH_PATHS = (
					"$(inherited)",
					"@executable_path/Frameworks",
					"@loader_path/Frameworks",
				);
				PRODUCT_BUNDLE_IDENTIFIER = "sanyakarpenko.lesson-11UITests";
				PRODUCT_NAME = "$(TARGET_NAME)";
				SWIFT_VERSION = 5.0;
				TARGETED_DEVICE_FAMILY = "1,2";
				TEST_TARGET_NAME = lesson_11;
			};
			name = Debug;
		};
		FAE367C92514D99A00FBF772 /* Release */ = {
			isa = XCBuildConfiguration;
			buildSettings = {
				ALWAYS_EMBED_SWIFT_STANDARD_LIBRARIES = YES;
				CODE_SIGN_STYLE = Automatic;
				DEVELOPMENT_TEAM = LMGHP5L64B;
				INFOPLIST_FILE = lesson_11UITests/Info.plist;
				IPHONEOS_DEPLOYMENT_TARGET = 13.1;
				LD_RUNPATH_SEARCH_PATHS = (
					"$(inherited)",
					"@executable_path/Frameworks",
					"@loader_path/Frameworks",
				);
				PRODUCT_BUNDLE_IDENTIFIER = "sanyakarpenko.lesson-11UITests";
				PRODUCT_NAME = "$(TARGET_NAME)";
				SWIFT_VERSION = 5.0;
				TARGETED_DEVICE_FAMILY = "1,2";
				TEST_TARGET_NAME = lesson_11;
			};
			name = Release;
		};
/* End XCBuildConfiguration section */

/* Begin XCConfigurationList section */
		FAE367922514D99800FBF772 /* Build configuration list for PBXProject "lesson_11" */ = {
			isa = XCConfigurationList;
			buildConfigurations = (
				FAE367BF2514D99A00FBF772 /* Debug */,
				FAE367C02514D99A00FBF772 /* Release */,
			);
			defaultConfigurationIsVisible = 0;
			defaultConfigurationName = Release;
		};
		FAE367C12514D99A00FBF772 /* Build configuration list for PBXNativeTarget "lesson_11" */ = {
			isa = XCConfigurationList;
			buildConfigurations = (
				FAE367C22514D99A00FBF772 /* Debug */,
				FAE367C32514D99A00FBF772 /* Release */,
			);
			defaultConfigurationIsVisible = 0;
			defaultConfigurationName = Release;
		};
		FAE367C42514D99A00FBF772 /* Build configuration list for PBXNativeTarget "lesson_11Tests" */ = {
			isa = XCConfigurationList;
			buildConfigurations = (
				FAE367C52514D99A00FBF772 /* Debug */,
				FAE367C62514D99A00FBF772 /* Release */,
			);
			defaultConfigurationIsVisible = 0;
			defaultConfigurationName = Release;
		};
		FAE367C72514D99A00FBF772 /* Build configuration list for PBXNativeTarget "lesson_11UITests" */ = {
			isa = XCConfigurationList;
			buildConfigurations = (
				FAE367C82514D99A00FBF772 /* Debug */,
				FAE367C92514D99A00FBF772 /* Release */,
			);
			defaultConfigurationIsVisible = 0;
			defaultConfigurationName = Release;
		};
/* End XCConfigurationList section */
	};
	rootObject = FAE3678F2514D99800FBF772 /* Project object */;
}
